// !$*UTF8*$!
{
	archiveVersion = 1;
	classes = {
	};
	objectVersion = 48;
	objects = {

/* Begin PBXBuildFile section */
		3BBE812A1F57CD3000042E14 /* AppDelegate.swift in Sources */ = {isa = PBXBuildFile; fileRef = 3BBE81291F57CD3000042E14 /* AppDelegate.swift */; };
		3BBE812C1F57CD3000042E14 /* ViewController.swift in Sources */ = {isa = PBXBuildFile; fileRef = 3BBE812B1F57CD3000042E14 /* ViewController.swift */; };
		3BBE812F1F57CD3000042E14 /* Main.storyboard in Resources */ = {isa = PBXBuildFile; fileRef = 3BBE812D1F57CD3000042E14 /* Main.storyboard */; };
		3BBE81321F57CD3000042E14 /* CMDb.xcdatamodeld in Sources */ = {isa = PBXBuildFile; fileRef = 3BBE81301F57CD3000042E14 /* CMDb.xcdatamodeld */; };
		3BBE81341F57CD3000042E14 /* Assets.xcassets in Resources */ = {isa = PBXBuildFile; fileRef = 3BBE81331F57CD3000042E14 /* Assets.xcassets */; };
		3BBE81371F57CD3000042E14 /* LaunchScreen.storyboard in Resources */ = {isa = PBXBuildFile; fileRef = 3BBE81351F57CD3000042E14 /* LaunchScreen.storyboard */; };
		3BBE81421F57CD3000042E14 /* CMDbTests.swift in Sources */ = {isa = PBXBuildFile; fileRef = 3BBE81411F57CD3000042E14 /* CMDbTests.swift */; };
/* End PBXBuildFile section */

/* Begin PBXContainerItemProxy section */
		3BBE813E1F57CD3000042E14 /* PBXContainerItemProxy */ = {
			isa = PBXContainerItemProxy;
			containerPortal = 3BBE811E1F57CD3000042E14 /* Project object */;
			proxyType = 1;
			remoteGlobalIDString = 3BBE81251F57CD3000042E14;
			remoteInfo = CMDb;
		};
/* End PBXContainerItemProxy section */

/* Begin PBXFileReference section */
		3BBE81261F57CD3000042E14 /* CMDb.app */ = {isa = PBXFileReference; explicitFileType = wrapper.application; includeInIndex = 0; path = CMDb.app; sourceTree = BUILT_PRODUCTS_DIR; };
		3BBE81291F57CD3000042E14 /* AppDelegate.swift */ = {isa = PBXFileReference; lastKnownFileType = sourcecode.swift; path = AppDelegate.swift; sourceTree = "<group>"; };
		3BBE812B1F57CD3000042E14 /* ViewController.swift */ = {isa = PBXFileReference; lastKnownFileType = sourcecode.swift; path = ViewController.swift; sourceTree = "<group>"; };
		3BBE812E1F57CD3000042E14 /* Base */ = {isa = PBXFileReference; lastKnownFileType = file.storyboard; name = Base; path = Base.lproj/Main.storyboard; sourceTree = "<group>"; };
		3BBE81311F57CD3000042E14 /* CMDb.xcdatamodel */ = {isa = PBXFileReference; lastKnownFileType = wrapper.xcdatamodel; path = CMDb.xcdatamodel; sourceTree = "<group>"; };
		3BBE81331F57CD3000042E14 /* Assets.xcassets */ = {isa = PBXFileReference; lastKnownFileType = folder.assetcatalog; path = Assets.xcassets; sourceTree = "<group>"; };
		3BBE81361F57CD3000042E14 /* Base */ = {isa = PBXFileReference; lastKnownFileType = file.storyboard; name = Base; path = Base.lproj/LaunchScreen.storyboard; sourceTree = "<group>"; };
		3BBE81381F57CD3000042E14 /* Info.plist */ = {isa = PBXFileReference; lastKnownFileType = text.plist.xml; path = Info.plist; sourceTree = "<group>"; };
		3BBE813D1F57CD3000042E14 /* CMDbTests.xctest */ = {isa = PBXFileReference; explicitFileType = wrapper.cfbundle; includeInIndex = 0; path = CMDbTests.xctest; sourceTree = BUILT_PRODUCTS_DIR; };
		3BBE81411F57CD3000042E14 /* CMDbTests.swift */ = {isa = PBXFileReference; lastKnownFileType = sourcecode.swift; path = CMDbTests.swift; sourceTree = "<group>"; };
		3BBE81431F57CD3000042E14 /* Info.plist */ = {isa = PBXFileReference; lastKnownFileType = text.plist.xml; path = Info.plist; sourceTree = "<group>"; };
/* End PBXFileReference section */

/* Begin PBXFrameworksBuildPhase section */
		3BBE81231F57CD3000042E14 /* Frameworks */ = {
			isa = PBXFrameworksBuildPhase;
			buildActionMask = 2147483647;
			files = (
			);
			runOnlyForDeploymentPostprocessing = 0;
		};
		3BBE813A1F57CD3000042E14 /* Frameworks */ = {
			isa = PBXFrameworksBuildPhase;
			buildActionMask = 2147483647;
			files = (
			);
			runOnlyForDeploymentPostprocessing = 0;
		};
/* End PBXFrameworksBuildPhase section */

/* Begin PBXGroup section */
		3BBE811D1F57CD3000042E14 = {
			isa = PBXGroup;
			children = (
				3BBE81281F57CD3000042E14 /* CMDb */,
				3BBE81401F57CD3000042E14 /* CMDbTests */,
				3BBE81271F57CD3000042E14 /* Products */,
			);
			sourceTree = "<group>";
		};
		3BBE81271F57CD3000042E14 /* Products */ = {
			isa = PBXGroup;
			children = (
				3BBE81261F57CD3000042E14 /* CMDb.app */,
				3BBE813D1F57CD3000042E14 /* CMDbTests.xctest */,
			);
			name = Products;
			sourceTree = "<group>";
		};
		3BBE81281F57CD3000042E14 /* CMDb */ = {
			isa = PBXGroup;
			children = (
				3BBE81291F57CD3000042E14 /* AppDelegate.swift */,
				3BBE812B1F57CD3000042E14 /* ViewController.swift */,
				3BBE812D1F57CD3000042E14 /* Main.storyboard */,
				3BBE81331F57CD3000042E14 /* Assets.xcassets */,
				3BBE81351F57CD3000042E14 /* LaunchScreen.storyboard */,
				3BBE81381F57CD3000042E14 /* Info.plist */,
				3BBE81301F57CD3000042E14 /* CMDb.xcdatamodeld */,
			);
			path = CMDb;
			sourceTree = "<group>";
		};
		3BBE81401F57CD3000042E14 /* CMDbTests */ = {
			isa = PBXGroup;
			children = (
				3BBE81411F57CD3000042E14 /* CMDbTests.swift */,
				3BBE81431F57CD3000042E14 /* Info.plist */,
			);
			path = CMDbTests;
			sourceTree = "<group>";
		};
/* End PBXGroup section */

/* Begin PBXNativeTarget section */
		3BBE81251F57CD3000042E14 /* CMDb */ = {
			isa = PBXNativeTarget;
			buildConfigurationList = 3BBE81461F57CD3000042E14 /* Build configuration list for PBXNativeTarget "CMDb" */;
			buildPhases = (
				3BBE81221F57CD3000042E14 /* Sources */,
				3BBE81231F57CD3000042E14 /* Frameworks */,
				3BBE81241F57CD3000042E14 /* Resources */,
			);
			buildRules = (
			);
			dependencies = (
			);
			name = CMDb;
			productName = CMDb;
			productReference = 3BBE81261F57CD3000042E14 /* CMDb.app */;
			productType = "com.apple.product-type.application";
		};
		3BBE813C1F57CD3000042E14 /* CMDbTests */ = {
			isa = PBXNativeTarget;
			buildConfigurationList = 3BBE81491F57CD3000042E14 /* Build configuration list for PBXNativeTarget "CMDbTests" */;
			buildPhases = (
				3BBE81391F57CD3000042E14 /* Sources */,
				3BBE813A1F57CD3000042E14 /* Frameworks */,
				3BBE813B1F57CD3000042E14 /* Resources */,
			);
			buildRules = (
			);
			dependencies = (
				3BBE813F1F57CD3000042E14 /* PBXTargetDependency */,
			);
			name = CMDbTests;
			productName = CMDbTests;
			productReference = 3BBE813D1F57CD3000042E14 /* CMDbTests.xctest */;
			productType = "com.apple.product-type.bundle.unit-test";
		};
/* End PBXNativeTarget section */

/* Begin PBXProject section */
		3BBE811E1F57CD3000042E14 /* Project object */ = {
			isa = PBXProject;
			attributes = {
				LastSwiftUpdateCheck = 0900;
				LastUpgradeCheck = 0900;
				ORGANIZATIONNAME = Qalandarov;
				TargetAttributes = {
					3BBE81251F57CD3000042E14 = {
						CreatedOnToolsVersion = 9.0;
					};
					3BBE813C1F57CD3000042E14 = {
						CreatedOnToolsVersion = 9.0;
						TestTargetID = 3BBE81251F57CD3000042E14;
					};
				};
			};
			buildConfigurationList = 3BBE81211F57CD3000042E14 /* Build configuration list for PBXProject "CMDb" */;
			compatibilityVersion = "Xcode 8.0";
			developmentRegion = en;
			hasScannedForEncodings = 0;
			knownRegions = (
				en,
				Base,
			);
			mainGroup = 3BBE811D1F57CD3000042E14;
			productRefGroup = 3BBE81271F57CD3000042E14 /* Products */;
			projectDirPath = "";
			projectRoot = "";
			targets = (
				3BBE81251F57CD3000042E14 /* CMDb */,
				3BBE813C1F57CD3000042E14 /* CMDbTests */,
			);
		};
/* End PBXProject section */

/* Begin PBXResourcesBuildPhase section */
		3BBE81241F57CD3000042E14 /* Resources */ = {
			isa = PBXResourcesBuildPhase;
			buildActionMask = 2147483647;
			files = (
				3BBE81371F57CD3000042E14 /* LaunchScreen.storyboard in Resources */,
				3BBE81341F57CD3000042E14 /* Assets.xcassets in Resources */,
				3BBE812F1F57CD3000042E14 /* Main.storyboard in Resources */,
			);
			runOnlyForDeploymentPostprocessing = 0;
		};
		3BBE813B1F57CD3000042E14 /* Resources */ = {
			isa = PBXResourcesBuildPhase;
			buildActionMask = 2147483647;
			files = (
			);
			runOnlyForDeploymentPostprocessing = 0;
		};
/* End PBXResourcesBuildPhase section */

/* Begin PBXSourcesBuildPhase section */
		3BBE81221F57CD3000042E14 /* Sources */ = {
			isa = PBXSourcesBuildPhase;
			buildActionMask = 2147483647;
			files = (
				3BBE81321F57CD3000042E14 /* CMDb.xcdatamodeld in Sources */,
				3BBE812C1F57CD3000042E14 /* ViewController.swift in Sources */,
				3BBE812A1F57CD3000042E14 /* AppDelegate.swift in Sources */,
			);
			runOnlyForDeploymentPostprocessing = 0;
		};
		3BBE81391F57CD3000042E14 /* Sources */ = {
			isa = PBXSourcesBuildPhase;
			buildActionMask = 2147483647;
			files = (
				3BBE81421F57CD3000042E14 /* CMDbTests.swift in Sources */,
			);
			runOnlyForDeploymentPostprocessing = 0;
		};
/* End PBXSourcesBuildPhase section */

/* Begin PBXTargetDependency section */
		3BBE813F1F57CD3000042E14 /* PBXTargetDependency */ = {
			isa = PBXTargetDependency;
			target = 3BBE81251F57CD3000042E14 /* CMDb */;
			targetProxy = 3BBE813E1F57CD3000042E14 /* PBXContainerItemProxy */;
		};
/* End PBXTargetDependency section */

/* Begin PBXVariantGroup section */
		3BBE812D1F57CD3000042E14 /* Main.storyboard */ = {
			isa = PBXVariantGroup;
			children = (
				3BBE812E1F57CD3000042E14 /* Base */,
			);
			name = Main.storyboard;
			sourceTree = "<group>";
		};
		3BBE81351F57CD3000042E14 /* LaunchScreen.storyboard */ = {
			isa = PBXVariantGroup;
			children = (
				3BBE81361F57CD3000042E14 /* Base */,
			);
			name = LaunchScreen.storyboard;
			sourceTree = "<group>";
		};
/* End PBXVariantGroup section */

/* Begin XCBuildConfiguration section */
		3BBE81441F57CD3000042E14 /* Debug */ = {
			isa = XCBuildConfiguration;
			buildSettings = {
				ALWAYS_SEARCH_USER_PATHS = NO;
				CLANG_ANALYZER_NONNULL = YES;
				CLANG_ANALYZER_NUMBER_OBJECT_CONVERSION = YES_AGGRESSIVE;
				CLANG_CXX_LANGUAGE_STANDARD = "gnu++14";
				CLANG_CXX_LIBRARY = "libc++";
				CLANG_ENABLE_MODULES = YES;
				CLANG_ENABLE_OBJC_ARC = YES;
				CLANG_WARN_BLOCK_CAPTURE_AUTORELEASING = YES;
				CLANG_WARN_BOOL_CONVERSION = YES;
				CLANG_WARN_COMMA = YES;
				CLANG_WARN_CONSTANT_CONVERSION = YES;
				CLANG_WARN_DIRECT_OBJC_ISA_USAGE = YES_ERROR;
				CLANG_WARN_DOCUMENTATION_COMMENTS = YES;
				CLANG_WARN_EMPTY_BODY = YES;
				CLANG_WARN_ENUM_CONVERSION = YES;
				CLANG_WARN_INFINITE_RECURSION = YES;
				CLANG_WARN_INT_CONVERSION = YES;
				CLANG_WARN_NON_LITERAL_NULL_CONVERSION = YES;
				CLANG_WARN_OBJC_LITERAL_CONVERSION = YES;
				CLANG_WARN_OBJC_ROOT_CLASS = YES_ERROR;
				CLANG_WARN_RANGE_LOOP_ANALYSIS = YES;
				CLANG_WARN_STRICT_PROTOTYPES = YES;
				CLANG_WARN_SUSPICIOUS_MOVE = YES;
				CLANG_WARN_UNGUARDED_AVAILABILITY = YES_AGGRESSIVE;
				CLANG_WARN_UNREACHABLE_CODE = YES;
				CLANG_WARN__DUPLICATE_METHOD_MATCH = YES;
				CODE_SIGN_IDENTITY = "iPhone Developer";
				COPY_PHASE_STRIP = NO;
				DEBUG_INFORMATION_FORMAT = dwarf;
				ENABLE_STRICT_OBJC_MSGSEND = YES;
				ENABLE_TESTABILITY = YES;
				GCC_C_LANGUAGE_STANDARD = gnu11;
				GCC_DYNAMIC_NO_PIC = NO;
				GCC_NO_COMMON_BLOCKS = YES;
				GCC_OPTIMIZATION_LEVEL = 0;
				GCC_PREPROCESSOR_DEFINITIONS = (
					"DEBUG=1",
					"$(inherited)",
				);
				GCC_WARN_64_TO_32_BIT_CONVERSION = YES;
				GCC_WARN_ABOUT_RETURN_TYPE = YES_ERROR;
				GCC_WARN_UNDECLARED_SELECTOR = YES;
				GCC_WARN_UNINITIALIZED_AUTOS = YES_AGGRESSIVE;
				GCC_WARN_UNUSED_FUNCTION = YES;
				GCC_WARN_UNUSED_VARIABLE = YES;
				IPHONEOS_DEPLOYMENT_TARGET = 11.0;
				MTL_ENABLE_DEBUG_INFO = YES;
				ONLY_ACTIVE_ARCH = YES;
				SDKROOT = iphoneos;
				SWIFT_ACTIVE_COMPILATION_CONDITIONS = DEBUG;
				SWIFT_OPTIMIZATION_LEVEL = "-Onone";
			};
			name = Debug;
		};
		3BBE81451F57CD3000042E14 /* Release */ = {
			isa = XCBuildConfiguration;
			buildSettings = {
				ALWAYS_SEARCH_USER_PATHS = NO;
				CLANG_ANALYZER_NONNULL = YES;
				CLANG_ANALYZER_NUMBER_OBJECT_CONVERSION = YES_AGGRESSIVE;
				CLANG_CXX_LANGUAGE_STANDARD = "gnu++14";
				CLANG_CXX_LIBRARY = "libc++";
				CLANG_ENABLE_MODULES = YES;
				CLANG_ENABLE_OBJC_ARC = YES;
				CLANG_WARN_BLOCK_CAPTURE_AUTORELEASING = YES;
				CLANG_WARN_BOOL_CONVERSION = YES;
				CLANG_WARN_COMMA = YES;
				CLANG_WARN_CONSTANT_CONVERSION = YES;
				CLANG_WARN_DIRECT_OBJC_ISA_USAGE = YES_ERROR;
				CLANG_WARN_DOCUMENTATION_COMMENTS = YES;
				CLANG_WARN_EMPTY_BODY = YES;
				CLANG_WARN_ENUM_CONVERSION = YES;
				CLANG_WARN_INFINITE_RECURSION = YES;
				CLANG_WARN_INT_CONVERSION = YES;
				CLANG_WARN_NON_LITERAL_NULL_CONVERSION = YES;
				CLANG_WARN_OBJC_LITERAL_CONVERSION = YES;
				CLANG_WARN_OBJC_ROOT_CLASS = YES_ERROR;
				CLANG_WARN_RANGE_LOOP_ANALYSIS = YES;
				CLANG_WARN_STRICT_PROTOTYPES = YES;
				CLANG_WARN_SUSPICIOUS_MOVE = YES;
				CLANG_WARN_UNGUARDED_AVAILABILITY = YES_AGGRESSIVE;
				CLANG_WARN_UNREACHABLE_CODE = YES;
				CLANG_WARN__DUPLICATE_METHOD_MATCH = YES;
				CODE_SIGN_IDENTITY = "iPhone Developer";
				COPY_PHASE_STRIP = NO;
				DEBUG_INFORMATION_FORMAT = "dwarf-with-dsym";
				ENABLE_NS_ASSERTIONS = NO;
				ENABLE_STRICT_OBJC_MSGSEND = YES;
				GCC_C_LANGUAGE_STANDARD = gnu11;
				GCC_NO_COMMON_BLOCKS = YES;
				GCC_WARN_64_TO_32_BIT_CONVERSION = YES;
				GCC_WARN_ABOUT_RETURN_TYPE = YES_ERROR;
				GCC_WARN_UNDECLARED_SELECTOR = YES;
				GCC_WARN_UNINITIALIZED_AUTOS = YES_AGGRESSIVE;
				GCC_WARN_UNUSED_FUNCTION = YES;
				GCC_WARN_UNUSED_VARIABLE = YES;
				IPHONEOS_DEPLOYMENT_TARGET = 11.0;
				MTL_ENABLE_DEBUG_INFO = NO;
				SDKROOT = iphoneos;
				SWIFT_OPTIMIZATION_LEVEL = "-Owholemodule";
				VALIDATE_PRODUCT = YES;
			};
			name = Release;
		};
		3BBE81471F57CD3000042E14 /* Debug */ = {
			isa = XCBuildConfiguration;
			buildSettings = {
				ASSETCATALOG_COMPILER_APPICON_NAME = AppIcon;
				INFOPLIST_FILE = CMDb/Info.plist;
				LD_RUNPATH_SEARCH_PATHS = "$(inherited) @executable_path/Frameworks";
				PRODUCT_BUNDLE_IDENTIFIER = com.qalandarov.CMDb;
				PRODUCT_NAME = "$(TARGET_NAME)";
				SWIFT_VERSION = 4.0;
				TARGETED_DEVICE_FAMILY = "1,2";
			};
			name = Debug;
		};
		3BBE81481F57CD3000042E14 /* Release */ = {
			isa = XCBuildConfiguration;
			buildSettings = {
				ASSETCATALOG_COMPILER_APPICON_NAME = AppIcon;
				INFOPLIST_FILE = CMDb/Info.plist;
				LD_RUNPATH_SEARCH_PATHS = "$(inherited) @executable_path/Frameworks";
				PRODUCT_BUNDLE_IDENTIFIER = com.qalandarov.CMDb;
				PRODUCT_NAME = "$(TARGET_NAME)";
				SWIFT_VERSION = 4.0;
				TARGETED_DEVICE_FAMILY = "1,2";
			};
			name = Release;
		};
		3BBE814A1F57CD3000042E14 /* Debug */ = {
			isa = XCBuildConfiguration;
			buildSettings = {
				ALWAYS_EMBED_SWIFT_STANDARD_LIBRARIES = YES;
				BUNDLE_LOADER = "$(TEST_HOST)";
				INFOPLIST_FILE = CMDbTests/Info.plist;
				LD_RUNPATH_SEARCH_PATHS = "$(inherited) @executable_path/Frameworks @loader_path/Frameworks";
				PRODUCT_BUNDLE_IDENTIFIER = com.qalandarov.CMDbTests;
				PRODUCT_NAME = "$(TARGET_NAME)";
				SWIFT_VERSION = 4.0;
				TARGETED_DEVICE_FAMILY = "1,2";
				TEST_HOST = "$(BUILT_PRODUCTS_DIR)/CMDb.app/CMDb";
			};
			name = Debug;
		};
		3BBE814B1F57CD3000042E14 /* Release */ = {
			isa = XCBuildConfiguration;
			buildSettings = {
				ALWAYS_EMBED_SWIFT_STANDARD_LIBRARIES = YES;
				BUNDLE_LOADER = "$(TEST_HOST)";
				INFOPLIST_FILE = CMDbTests/Info.plist;
				LD_RUNPATH_SEARCH_PATHS = "$(inherited) @executable_path/Frameworks @loader_path/Frameworks";
				PRODUCT_BUNDLE_IDENTIFIER = com.qalandarov.CMDbTests;
				PRODUCT_NAME = "$(TARGET_NAME)";
				SWIFT_VERSION = 4.0;
				TARGETED_DEVICE_FAMILY = "1,2";
				TEST_HOST = "$(BUILT_PRODUCTS_DIR)/CMDb.app/CMDb";
			};
			name = Release;
		};
/* End XCBuildConfiguration section */

/* Begin XCConfigurationList section */
		3BBE81211F57CD3000042E14 /* Build configuration list for PBXProject "CMDb" */ = {
			isa = XCConfigurationList;
			buildConfigurations = (
				3BBE81441F57CD3000042E14 /* Debug */,
				3BBE81451F57CD3000042E14 /* Release */,
			);
			defaultConfigurationIsVisible = 0;
			defaultConfigurationName = Release;
		};
		3BBE81461F57CD3000042E14 /* Build configuration list for PBXNativeTarget "CMDb" */ = {
			isa = XCConfigurationList;
			buildConfigurations = (
				3BBE81471F57CD3000042E14 /* Debug */,
				3BBE81481F57CD3000042E14 /* Release */,
			);
			defaultConfigurationIsVisible = 0;
			defaultConfigurationName = Release;
		};
		3BBE81491F57CD3000042E14 /* Build configuration list for PBXNativeTarget "CMDbTests" */ = {
			isa = XCConfigurationList;
			buildConfigurations = (
				3BBE814A1F57CD3000042E14 /* Debug */,
				3BBE814B1F57CD3000042E14 /* Release */,
			);
			defaultConfigurationIsVisible = 0;
			defaultConfigurationName = Release;
		};
/* End XCConfigurationList section */

/* Begin XCVersionGroup section */
		3BBE81301F57CD3000042E14 /* CMDb.xcdatamodeld */ = {
			isa = XCVersionGroup;
			children = (
				3BBE81311F57CD3000042E14 /* CMDb.xcdatamodel */,
			);
			currentVersion = 3BBE81311F57CD3000042E14 /* CMDb.xcdatamodel */;
			path = CMDb.xcdatamodeld;
			sourceTree = "<group>";
			versionGroupType = wrapper.xcdatamodel;
		};
/* End XCVersionGroup section */
	};
	rootObject = 3BBE811E1F57CD3000042E14 /* Project object */;
}
