// !$*UTF8*$!
{
	archiveVersion = 1;
	classes = {
	};
	objectVersion = 48;
	objects = {

/* Begin PBXBuildFile section */
		3B0FF0AE1F589A9D00D9CEB7 /* Search.swift in Sources */ = {isa = PBXBuildFile; fileRef = 3B0FF0AD1F589A9D00D9CEB7 /* Search.swift */; };
		3B0FF0B41F589C2700D9CEB7 /* NetworkEngine.swift in Sources */ = {isa = PBXBuildFile; fileRef = 3B0FF0B01F589C2700D9CEB7 /* NetworkEngine.swift */; };
		3B0FF0B51F589C2700D9CEB7 /* Result.swift in Sources */ = {isa = PBXBuildFile; fileRef = 3B0FF0B11F589C2700D9CEB7 /* Result.swift */; };
		3B0FF0B61F589C2700D9CEB7 /* Error.swift in Sources */ = {isa = PBXBuildFile; fileRef = 3B0FF0B31F589C2700D9CEB7 /* Error.swift */; };
		3B26A4601F5B4E63009D8089 /* ImageDownloadable.swift in Sources */ = {isa = PBXBuildFile; fileRef = 3B26A45F1F5B4E63009D8089 /* ImageDownloadable.swift */; };
		3B28A52C1F58AD17001AB217 /* MovieGenre.swift in Sources */ = {isa = PBXBuildFile; fileRef = 3B28A52B1F58AD17001AB217 /* MovieGenre.swift */; };
		3B33A3621F5C3693004DE594 /* MovieTests.swift in Sources */ = {isa = PBXBuildFile; fileRef = 3B33A3611F5C3693004DE594 /* MovieTests.swift */; };
		3B33A3671F5C435D004DE594 /* error-response.json in Resources */ = {isa = PBXBuildFile; fileRef = 3B33A3661F5C4359004DE594 /* error-response.json */; };
		3B33A3691F5C438A004DE594 /* ErrorResponseTests.swift in Sources */ = {isa = PBXBuildFile; fileRef = 3B33A3681F5C438A004DE594 /* ErrorResponseTests.swift */; };
		3B44DDF51F5C3301003D72E7 /* search-one-movie.json in Resources */ = {isa = PBXBuildFile; fileRef = 3BA002D21F5C1A7F003BF855 /* search-one-movie.json */; };
		3B44DDF61F5C3301003D72E7 /* search-two-movies.json in Resources */ = {isa = PBXBuildFile; fileRef = 3BA002D11F5C1A7F003BF855 /* search-two-movies.json */; };
		3B44DDF71F5C3304003D72E7 /* movie.json in Resources */ = {isa = PBXBuildFile; fileRef = 3BA002D01F5C1A0A003BF855 /* movie.json */; };
		3B44DDF81F5C3304003D72E7 /* movie-null-poster.json in Resources */ = {isa = PBXBuildFile; fileRef = 3BA002CE1F5C1A0A003BF855 /* movie-null-poster.json */; };
		3B44DDF91F5C3304003D72E7 /* movie-null-backdrop.json in Resources */ = {isa = PBXBuildFile; fileRef = 3BA002CF1F5C1A0A003BF855 /* movie-null-backdrop.json */; };
		3B44DDFA1F5C3304003D72E7 /* movie-null-poster-and-backdrop.json in Resources */ = {isa = PBXBuildFile; fileRef = 3BA002CD1F5C1A0A003BF855 /* movie-null-poster-and-backdrop.json */; };
		3B44DDFC1F5C3363003D72E7 /* StubRequestable.swift in Sources */ = {isa = PBXBuildFile; fileRef = 3B44DDFB1F5C3362003D72E7 /* StubRequestable.swift */; };
		3B44DE051F5C342E003D72E7 /* SearchTests.swift in Sources */ = {isa = PBXBuildFile; fileRef = 3B44DE041F5C342B003D72E7 /* SearchTests.swift */; };
		3B6A93411F964E730024C8F2 /* UIImageView+Extension.swift in Sources */ = {isa = PBXBuildFile; fileRef = 3B6A93401F964E730024C8F2 /* UIImageView+Extension.swift */; };
		3B6A93431F964F8A0024C8F2 /* HomeViewModel.swift in Sources */ = {isa = PBXBuildFile; fileRef = 3B6A93421F964F8A0024C8F2 /* HomeViewModel.swift */; };
		3B6A93471F9668800024C8F2 /* MovieSectionDownloadOperation.swift in Sources */ = {isa = PBXBuildFile; fileRef = 3B6A93461F9668800024C8F2 /* MovieSectionDownloadOperation.swift */; };
		3B7F9CEA1F736BDD00DE2906 /* Search.storyboard in Resources */ = {isa = PBXBuildFile; fileRef = 3B7F9CE81F736BDD00DE2906 /* Search.storyboard */; };
		3B82443E1F6385FD00949C4B /* MovieDetails.storyboard in Resources */ = {isa = PBXBuildFile; fileRef = 3B82443C1F6385FD00949C4B /* MovieDetails.storyboard */; };
		3B8244401F638C9400949C4B /* MovieDetailsTVC.swift in Sources */ = {isa = PBXBuildFile; fileRef = 3B82443F1F638C9400949C4B /* MovieDetailsTVC.swift */; };
		3B9F5BE21F5F9D48008AAF65 /* SegueHandlerType.swift in Sources */ = {isa = PBXBuildFile; fileRef = 3B9F5BE11F5F9D48008AAF65 /* SegueHandlerType.swift */; };
		3B9F5BEA1F5FA581008AAF65 /* SegueValidatable.swift in Sources */ = {isa = PBXBuildFile; fileRef = 3B9F5BE91F5FA581008AAF65 /* SegueValidatable.swift */; };
		3BA002BD1F5C0897003BF855 /* ImageWidthTests.swift in Sources */ = {isa = PBXBuildFile; fileRef = 3BA002BC1F5C0897003BF855 /* ImageWidthTests.swift */; };
		3BA002C01F5C0B34003BF855 /* ContantsTests.swift in Sources */ = {isa = PBXBuildFile; fileRef = 3BA002BF1F5C0B33003BF855 /* ContantsTests.swift */; };
		3BA002C21F5C0B8B003BF855 /* ImageDownloadableTests.swift in Sources */ = {isa = PBXBuildFile; fileRef = 3BA002C11F5C0B8B003BF855 /* ImageDownloadableTests.swift */; };
		3BA002C41F5C1596003BF855 /* ErrorTests.swift in Sources */ = {isa = PBXBuildFile; fileRef = 3BA002C31F5C1596003BF855 /* ErrorTests.swift */; };
		3BB2AAAD1F624D00004FECA9 /* Cast.swift in Sources */ = {isa = PBXBuildFile; fileRef = 3BB2AAAC1F624D00004FECA9 /* Cast.swift */; };
		3BB2AAAF1F624E38004FECA9 /* Gender.swift in Sources */ = {isa = PBXBuildFile; fileRef = 3BB2AAAE1F624E38004FECA9 /* Gender.swift */; };
		3BB2AAB11F624F89004FECA9 /* Crew.swift in Sources */ = {isa = PBXBuildFile; fileRef = 3BB2AAB01F624F89004FECA9 /* Crew.swift */; };
		3BB2AAB31F624FF7004FECA9 /* Credits.swift in Sources */ = {isa = PBXBuildFile; fileRef = 3BB2AAB21F624FF7004FECA9 /* Credits.swift */; };
		3BB2AAB51F625084004FECA9 /* DetailType.swift in Sources */ = {isa = PBXBuildFile; fileRef = 3BB2AAB41F625084004FECA9 /* DetailType.swift */; };
		3BB2AAB71F625F56004FECA9 /* Artwork.swift in Sources */ = {isa = PBXBuildFile; fileRef = 3BB2AAB61F625F56004FECA9 /* Artwork.swift */; };
		3BB2AAB91F625F67004FECA9 /* Trailer.swift in Sources */ = {isa = PBXBuildFile; fileRef = 3BB2AAB81F625F67004FECA9 /* Trailer.swift */; };
		3BB2AABD1F626CF8004FECA9 /* movie-details.json in Resources */ = {isa = PBXBuildFile; fileRef = 3BB2AABC1F626CF3004FECA9 /* movie-details.json */; };
		3BB2AABF1F626DC5004FECA9 /* GenreObject.swift in Sources */ = {isa = PBXBuildFile; fileRef = 3BB2AABE1F626DC5004FECA9 /* GenreObject.swift */; };
		3BB2AAC11F627BF2004FECA9 /* ProfileDownloadable.swift in Sources */ = {isa = PBXBuildFile; fileRef = 3BB2AAC01F627BF2004FECA9 /* ProfileDownloadable.swift */; };
		3BBE812A1F57CD3000042E14 /* AppDelegate.swift in Sources */ = {isa = PBXBuildFile; fileRef = 3BBE81291F57CD3000042E14 /* AppDelegate.swift */; };
		3BBE812F1F57CD3000042E14 /* Main.storyboard in Resources */ = {isa = PBXBuildFile; fileRef = 3BBE812D1F57CD3000042E14 /* Main.storyboard */; };
		3BBE81321F57CD3000042E14 /* CMDb.xcdatamodeld in Sources */ = {isa = PBXBuildFile; fileRef = 3BBE81301F57CD3000042E14 /* CMDb.xcdatamodeld */; };
		3BBE81341F57CD3000042E14 /* Assets.xcassets in Resources */ = {isa = PBXBuildFile; fileRef = 3BBE81331F57CD3000042E14 /* Assets.xcassets */; };
		3BBE81371F57CD3000042E14 /* LaunchScreen.storyboard in Resources */ = {isa = PBXBuildFile; fileRef = 3BBE81351F57CD3000042E14 /* LaunchScreen.storyboard */; };
		3BBE81421F57CD3000042E14 /* CMDbTests.swift in Sources */ = {isa = PBXBuildFile; fileRef = 3BBE81411F57CD3000042E14 /* CMDbTests.swift */; };
		3BBE81561F5863BA00042E14 /* HomeTVC.swift in Sources */ = {isa = PBXBuildFile; fileRef = 3BBE81551F5863BA00042E14 /* HomeTVC.swift */; };
		3BBE81581F58640000042E14 /* MovieSectionTableCell.swift in Sources */ = {isa = PBXBuildFile; fileRef = 3BBE81571F58640000042E14 /* MovieSectionTableCell.swift */; };
		3BBE816B1F5889D800042E14 /* TMDb.framework in Frameworks */ = {isa = PBXBuildFile; fileRef = 3BBE81621F5889D800042E14 /* TMDb.framework */; };
		3BBE81721F5889D800042E14 /* TMDbTests.swift in Sources */ = {isa = PBXBuildFile; fileRef = 3BBE81711F5889D800042E14 /* TMDbTests.swift */; };
		3BBE81741F5889D800042E14 /* TMDb.h in Headers */ = {isa = PBXBuildFile; fileRef = 3BBE81641F5889D800042E14 /* TMDb.h */; settings = {ATTRIBUTES = (Public, ); }; };
		3BBE81771F5889D800042E14 /* TMDb.framework in Frameworks */ = {isa = PBXBuildFile; fileRef = 3BBE81621F5889D800042E14 /* TMDb.framework */; };
		3BBE81781F5889D800042E14 /* TMDb.framework in Embed Frameworks */ = {isa = PBXBuildFile; fileRef = 3BBE81621F5889D800042E14 /* TMDb.framework */; settings = {ATTRIBUTES = (CodeSignOnCopy, RemoveHeadersOnCopy, ); }; };
		3BBE81841F588B9800042E14 /* C.swift in Sources */ = {isa = PBXBuildFile; fileRef = 3BBE81831F588B9800042E14 /* C.swift */; };
		3BBE818D1F588DA400042E14 /* Movie.swift in Sources */ = {isa = PBXBuildFile; fileRef = 3BBE818C1F588DA400042E14 /* Movie.swift */; };
		3BC4D7B91F8BE6C300222E16 /* LoadingTableCell.swift in Sources */ = {isa = PBXBuildFile; fileRef = 3BC4D7B81F8BE6C300222E16 /* LoadingTableCell.swift */; };
		3BD116C71F6335B800131873 /* ProfilesCollectionVC.swift in Sources */ = {isa = PBXBuildFile; fileRef = 3BD116C61F6335B800131873 /* ProfilesCollectionVC.swift */; };
		3BD116C91F6335D000131873 /* ProfileCollectionCell.swift in Sources */ = {isa = PBXBuildFile; fileRef = 3BD116C81F6335D000131873 /* ProfileCollectionCell.swift */; };
		3BF306B41F9683BB00AE7748 /* AsyncOperation.swift in Sources */ = {isa = PBXBuildFile; fileRef = 3BF306B31F9683BB00AE7748 /* AsyncOperation.swift */; };
		3BF306B61F9692CF00AE7748 /* UITableView+Extension.swift in Sources */ = {isa = PBXBuildFile; fileRef = 3BF306B51F9692CF00AE7748 /* UITableView+Extension.swift */; };
		3BF306B81F96941A00AE7748 /* MovieDetailsDownloadOperation.swift in Sources */ = {isa = PBXBuildFile; fileRef = 3BF306B71F96941A00AE7748 /* MovieDetailsDownloadOperation.swift */; };
		3BF521C61F847E4B00BDB7BD /* MovieTableCell.swift in Sources */ = {isa = PBXBuildFile; fileRef = 3BF521C51F847E4B00BDB7BD /* MovieTableCell.swift */; };
		3BF521CC1F84C7A300BDB7BD /* FeaturedMoviesTableCell.swift in Sources */ = {isa = PBXBuildFile; fileRef = 3BF521CB1F84C7A300BDB7BD /* FeaturedMoviesTableCell.swift */; };
		3BF521CE1F855A2400BDB7BD /* SearchTVC.swift in Sources */ = {isa = PBXBuildFile; fileRef = 3BF521CD1F855A2400BDB7BD /* SearchTVC.swift */; };
		3BF521D01F855A3100BDB7BD /* Storyboard.swift in Sources */ = {isa = PBXBuildFile; fileRef = 3BF521CF1F855A3100BDB7BD /* Storyboard.swift */; };
		3BF8C7FC1F5B3BA0009AF0F9 /* ErrorResponse.swift in Sources */ = {isa = PBXBuildFile; fileRef = 3BF8C7FB1F5B3BA0009AF0F9 /* ErrorResponse.swift */; };
		3BF8C7FF1F5B3CA5009AF0F9 /* URLEncoder.swift in Sources */ = {isa = PBXBuildFile; fileRef = 3BF8C7FD1F5B3CA5009AF0F9 /* URLEncoder.swift */; };
		3BF8C8001F5B3CA5009AF0F9 /* Router.swift in Sources */ = {isa = PBXBuildFile; fileRef = 3BF8C7FE1F5B3CA5009AF0F9 /* Router.swift */; };
		3BF8C8071F5B4481009AF0F9 /* ImageWidth.swift in Sources */ = {isa = PBXBuildFile; fileRef = 3BF8C8061F5B4481009AF0F9 /* ImageWidth.swift */; };
		3BF93B7A1F5C78370075ACCE /* MovieSectionType.swift in Sources */ = {isa = PBXBuildFile; fileRef = 3BF93B791F5C78370075ACCE /* MovieSectionType.swift */; };
		3BF93B7C1F5CEC690075ACCE /* MovieSectionTypeTests.swift in Sources */ = {isa = PBXBuildFile; fileRef = 3BF93B7B1F5CEC690075ACCE /* MovieSectionTypeTests.swift */; };
		3BF93B7E1F5CED6E0075ACCE /* MovieGenreTests.swift in Sources */ = {isa = PBXBuildFile; fileRef = 3BF93B7D1F5CED6E0075ACCE /* MovieGenreTests.swift */; };
		7636E3BFD94BD1FB4C6F9586 /* Pods_CMDbTests.framework in Frameworks */ = {isa = PBXBuildFile; fileRef = 4F6FD5D4D53668FA3DAB0CD1 /* Pods_CMDbTests.framework */; };
		C7B8FFB84F4D73B918BEDBDD /* Pods_CMDb.framework in Frameworks */ = {isa = PBXBuildFile; fileRef = 655D940839D3E9E5F2E6E44A /* Pods_CMDb.framework */; };
/* End PBXBuildFile section */

/* Begin PBXContainerItemProxy section */
		3BBE813E1F57CD3000042E14 /* PBXContainerItemProxy */ = {
			isa = PBXContainerItemProxy;
			containerPortal = 3BBE811E1F57CD3000042E14 /* Project object */;
			proxyType = 1;
			remoteGlobalIDString = 3BBE81251F57CD3000042E14;
			remoteInfo = CMDb;
		};
		3BBE816C1F5889D800042E14 /* PBXContainerItemProxy */ = {
			isa = PBXContainerItemProxy;
			containerPortal = 3BBE811E1F57CD3000042E14 /* Project object */;
			proxyType = 1;
			remoteGlobalIDString = 3BBE81611F5889D800042E14;
			remoteInfo = TMDb;
		};
		3BBE816E1F5889D800042E14 /* PBXContainerItemProxy */ = {
			isa = PBXContainerItemProxy;
			containerPortal = 3BBE811E1F57CD3000042E14 /* Project object */;
			proxyType = 1;
			remoteGlobalIDString = 3BBE81251F57CD3000042E14;
			remoteInfo = CMDb;
		};
		3BBE81751F5889D800042E14 /* PBXContainerItemProxy */ = {
			isa = PBXContainerItemProxy;
			containerPortal = 3BBE811E1F57CD3000042E14 /* Project object */;
			proxyType = 1;
			remoteGlobalIDString = 3BBE81611F5889D800042E14;
			remoteInfo = TMDb;
		};
/* End PBXContainerItemProxy section */

/* Begin PBXCopyFilesBuildPhase section */
		3BBE817E1F5889D800042E14 /* Embed Frameworks */ = {
			isa = PBXCopyFilesBuildPhase;
			buildActionMask = 2147483647;
			dstPath = "";
			dstSubfolderSpec = 10;
			files = (
				3BBE81781F5889D800042E14 /* TMDb.framework in Embed Frameworks */,
			);
			name = "Embed Frameworks";
			runOnlyForDeploymentPostprocessing = 0;
		};
/* End PBXCopyFilesBuildPhase section */

/* Begin PBXFileReference section */
		3B0FF0AD1F589A9D00D9CEB7 /* Search.swift */ = {isa = PBXFileReference; lastKnownFileType = sourcecode.swift; path = Search.swift; sourceTree = "<group>"; };
		3B0FF0B01F589C2700D9CEB7 /* NetworkEngine.swift */ = {isa = PBXFileReference; fileEncoding = 4; lastKnownFileType = sourcecode.swift; path = NetworkEngine.swift; sourceTree = "<group>"; };
		3B0FF0B11F589C2700D9CEB7 /* Result.swift */ = {isa = PBXFileReference; fileEncoding = 4; lastKnownFileType = sourcecode.swift; path = Result.swift; sourceTree = "<group>"; };
		3B0FF0B31F589C2700D9CEB7 /* Error.swift */ = {isa = PBXFileReference; fileEncoding = 4; lastKnownFileType = sourcecode.swift; path = Error.swift; sourceTree = "<group>"; };
		3B26A45F1F5B4E63009D8089 /* ImageDownloadable.swift */ = {isa = PBXFileReference; lastKnownFileType = sourcecode.swift; path = ImageDownloadable.swift; sourceTree = "<group>"; };
		3B28A52B1F58AD17001AB217 /* MovieGenre.swift */ = {isa = PBXFileReference; lastKnownFileType = sourcecode.swift; path = MovieGenre.swift; sourceTree = "<group>"; };
		3B33A3611F5C3693004DE594 /* MovieTests.swift */ = {isa = PBXFileReference; lastKnownFileType = sourcecode.swift; path = MovieTests.swift; sourceTree = "<group>"; };
		3B33A3661F5C4359004DE594 /* error-response.json */ = {isa = PBXFileReference; lastKnownFileType = text.json; path = "error-response.json"; sourceTree = "<group>"; };
		3B33A3681F5C438A004DE594 /* ErrorResponseTests.swift */ = {isa = PBXFileReference; lastKnownFileType = sourcecode.swift; path = ErrorResponseTests.swift; sourceTree = "<group>"; };
		3B44DDFB1F5C3362003D72E7 /* StubRequestable.swift */ = {isa = PBXFileReference; lastKnownFileType = sourcecode.swift; path = StubRequestable.swift; sourceTree = "<group>"; };
		3B44DE041F5C342B003D72E7 /* SearchTests.swift */ = {isa = PBXFileReference; lastKnownFileType = sourcecode.swift; path = SearchTests.swift; sourceTree = "<group>"; };
		3B6A93401F964E730024C8F2 /* UIImageView+Extension.swift */ = {isa = PBXFileReference; lastKnownFileType = sourcecode.swift; path = "UIImageView+Extension.swift"; sourceTree = "<group>"; };
		3B6A93421F964F8A0024C8F2 /* HomeViewModel.swift */ = {isa = PBXFileReference; lastKnownFileType = sourcecode.swift; path = HomeViewModel.swift; sourceTree = "<group>"; };
		3B6A93461F9668800024C8F2 /* MovieSectionDownloadOperation.swift */ = {isa = PBXFileReference; lastKnownFileType = sourcecode.swift; path = MovieSectionDownloadOperation.swift; sourceTree = "<group>"; };
		3B7F9CE91F736BDD00DE2906 /* Base */ = {isa = PBXFileReference; lastKnownFileType = file.storyboard; name = Base; path = Base.lproj/Search.storyboard; sourceTree = "<group>"; };
		3B82443D1F6385FD00949C4B /* Base */ = {isa = PBXFileReference; lastKnownFileType = file.storyboard; name = Base; path = Base.lproj/MovieDetails.storyboard; sourceTree = "<group>"; };
		3B82443F1F638C9400949C4B /* MovieDetailsTVC.swift */ = {isa = PBXFileReference; lastKnownFileType = sourcecode.swift; path = MovieDetailsTVC.swift; sourceTree = "<group>"; };
		3B9F5BE11F5F9D48008AAF65 /* SegueHandlerType.swift */ = {isa = PBXFileReference; lastKnownFileType = sourcecode.swift; path = SegueHandlerType.swift; sourceTree = "<group>"; };
		3B9F5BE91F5FA581008AAF65 /* SegueValidatable.swift */ = {isa = PBXFileReference; lastKnownFileType = sourcecode.swift; path = SegueValidatable.swift; sourceTree = "<group>"; };
		3BA002BC1F5C0897003BF855 /* ImageWidthTests.swift */ = {isa = PBXFileReference; lastKnownFileType = sourcecode.swift; path = ImageWidthTests.swift; sourceTree = "<group>"; };
		3BA002BF1F5C0B33003BF855 /* ContantsTests.swift */ = {isa = PBXFileReference; lastKnownFileType = sourcecode.swift; path = ContantsTests.swift; sourceTree = "<group>"; };
		3BA002C11F5C0B8B003BF855 /* ImageDownloadableTests.swift */ = {isa = PBXFileReference; lastKnownFileType = sourcecode.swift; path = ImageDownloadableTests.swift; sourceTree = "<group>"; };
		3BA002C31F5C1596003BF855 /* ErrorTests.swift */ = {isa = PBXFileReference; lastKnownFileType = sourcecode.swift; path = ErrorTests.swift; sourceTree = "<group>"; };
		3BA002CD1F5C1A0A003BF855 /* movie-null-poster-and-backdrop.json */ = {isa = PBXFileReference; lastKnownFileType = text.json; path = "movie-null-poster-and-backdrop.json"; sourceTree = "<group>"; };
		3BA002CE1F5C1A0A003BF855 /* movie-null-poster.json */ = {isa = PBXFileReference; lastKnownFileType = text.json; path = "movie-null-poster.json"; sourceTree = "<group>"; };
		3BA002CF1F5C1A0A003BF855 /* movie-null-backdrop.json */ = {isa = PBXFileReference; lastKnownFileType = text.json; path = "movie-null-backdrop.json"; sourceTree = "<group>"; };
		3BA002D01F5C1A0A003BF855 /* movie.json */ = {isa = PBXFileReference; lastKnownFileType = text.json; path = movie.json; sourceTree = "<group>"; };
		3BA002D11F5C1A7F003BF855 /* search-two-movies.json */ = {isa = PBXFileReference; lastKnownFileType = text.json; path = "search-two-movies.json"; sourceTree = "<group>"; };
		3BA002D21F5C1A7F003BF855 /* search-one-movie.json */ = {isa = PBXFileReference; lastKnownFileType = text.json; path = "search-one-movie.json"; sourceTree = "<group>"; };
		3BB2AAAC1F624D00004FECA9 /* Cast.swift */ = {isa = PBXFileReference; lastKnownFileType = sourcecode.swift; path = Cast.swift; sourceTree = "<group>"; };
		3BB2AAAE1F624E38004FECA9 /* Gender.swift */ = {isa = PBXFileReference; lastKnownFileType = sourcecode.swift; path = Gender.swift; sourceTree = "<group>"; };
		3BB2AAB01F624F89004FECA9 /* Crew.swift */ = {isa = PBXFileReference; lastKnownFileType = sourcecode.swift; path = Crew.swift; sourceTree = "<group>"; };
		3BB2AAB21F624FF7004FECA9 /* Credits.swift */ = {isa = PBXFileReference; lastKnownFileType = sourcecode.swift; path = Credits.swift; sourceTree = "<group>"; };
		3BB2AAB41F625084004FECA9 /* DetailType.swift */ = {isa = PBXFileReference; lastKnownFileType = sourcecode.swift; path = DetailType.swift; sourceTree = "<group>"; };
		3BB2AAB61F625F56004FECA9 /* Artwork.swift */ = {isa = PBXFileReference; lastKnownFileType = sourcecode.swift; path = Artwork.swift; sourceTree = "<group>"; };
		3BB2AAB81F625F67004FECA9 /* Trailer.swift */ = {isa = PBXFileReference; lastKnownFileType = sourcecode.swift; path = Trailer.swift; sourceTree = "<group>"; };
		3BB2AABC1F626CF3004FECA9 /* movie-details.json */ = {isa = PBXFileReference; lastKnownFileType = text.json; path = "movie-details.json"; sourceTree = "<group>"; };
		3BB2AABE1F626DC5004FECA9 /* GenreObject.swift */ = {isa = PBXFileReference; lastKnownFileType = sourcecode.swift; path = GenreObject.swift; sourceTree = "<group>"; };
		3BB2AAC01F627BF2004FECA9 /* ProfileDownloadable.swift */ = {isa = PBXFileReference; lastKnownFileType = sourcecode.swift; path = ProfileDownloadable.swift; sourceTree = "<group>"; };
		3BBE81261F57CD3000042E14 /* CMDb.app */ = {isa = PBXFileReference; explicitFileType = wrapper.application; includeInIndex = 0; path = CMDb.app; sourceTree = BUILT_PRODUCTS_DIR; };
		3BBE81291F57CD3000042E14 /* AppDelegate.swift */ = {isa = PBXFileReference; lastKnownFileType = sourcecode.swift; path = AppDelegate.swift; sourceTree = "<group>"; };
		3BBE812E1F57CD3000042E14 /* Base */ = {isa = PBXFileReference; lastKnownFileType = file.storyboard; name = Base; path = Base.lproj/Main.storyboard; sourceTree = "<group>"; };
		3BBE81311F57CD3000042E14 /* CMDb.xcdatamodel */ = {isa = PBXFileReference; lastKnownFileType = wrapper.xcdatamodel; path = CMDb.xcdatamodel; sourceTree = "<group>"; };
		3BBE81331F57CD3000042E14 /* Assets.xcassets */ = {isa = PBXFileReference; lastKnownFileType = folder.assetcatalog; path = Assets.xcassets; sourceTree = "<group>"; };
		3BBE81361F57CD3000042E14 /* Base */ = {isa = PBXFileReference; lastKnownFileType = file.storyboard; name = Base; path = Base.lproj/LaunchScreen.storyboard; sourceTree = "<group>"; };
		3BBE81381F57CD3000042E14 /* Info.plist */ = {isa = PBXFileReference; lastKnownFileType = text.plist.xml; path = Info.plist; sourceTree = "<group>"; };
		3BBE813D1F57CD3000042E14 /* CMDbTests.xctest */ = {isa = PBXFileReference; explicitFileType = wrapper.cfbundle; includeInIndex = 0; path = CMDbTests.xctest; sourceTree = BUILT_PRODUCTS_DIR; };
		3BBE81411F57CD3000042E14 /* CMDbTests.swift */ = {isa = PBXFileReference; lastKnownFileType = sourcecode.swift; path = CMDbTests.swift; sourceTree = "<group>"; };
		3BBE81431F57CD3000042E14 /* Info.plist */ = {isa = PBXFileReference; lastKnownFileType = text.plist.xml; path = Info.plist; sourceTree = "<group>"; };
		3BBE81551F5863BA00042E14 /* HomeTVC.swift */ = {isa = PBXFileReference; lastKnownFileType = sourcecode.swift; path = HomeTVC.swift; sourceTree = "<group>"; };
		3BBE81571F58640000042E14 /* MovieSectionTableCell.swift */ = {isa = PBXFileReference; lastKnownFileType = sourcecode.swift; path = MovieSectionTableCell.swift; sourceTree = "<group>"; };
		3BBE81621F5889D800042E14 /* TMDb.framework */ = {isa = PBXFileReference; explicitFileType = wrapper.framework; includeInIndex = 0; path = TMDb.framework; sourceTree = BUILT_PRODUCTS_DIR; };
		3BBE81641F5889D800042E14 /* TMDb.h */ = {isa = PBXFileReference; lastKnownFileType = sourcecode.c.h; path = TMDb.h; sourceTree = "<group>"; };
		3BBE81651F5889D800042E14 /* Info.plist */ = {isa = PBXFileReference; lastKnownFileType = text.plist.xml; path = Info.plist; sourceTree = "<group>"; };
		3BBE816A1F5889D800042E14 /* TMDbTests.xctest */ = {isa = PBXFileReference; explicitFileType = wrapper.cfbundle; includeInIndex = 0; path = TMDbTests.xctest; sourceTree = BUILT_PRODUCTS_DIR; };
		3BBE81711F5889D800042E14 /* TMDbTests.swift */ = {isa = PBXFileReference; lastKnownFileType = sourcecode.swift; path = TMDbTests.swift; sourceTree = "<group>"; };
		3BBE81731F5889D800042E14 /* Info.plist */ = {isa = PBXFileReference; lastKnownFileType = text.plist.xml; path = Info.plist; sourceTree = "<group>"; };
		3BBE81831F588B9800042E14 /* C.swift */ = {isa = PBXFileReference; lastKnownFileType = sourcecode.swift; path = C.swift; sourceTree = "<group>"; };
		3BBE818C1F588DA400042E14 /* Movie.swift */ = {isa = PBXFileReference; lastKnownFileType = sourcecode.swift; path = Movie.swift; sourceTree = "<group>"; };
		3BC4D7B81F8BE6C300222E16 /* LoadingTableCell.swift */ = {isa = PBXFileReference; lastKnownFileType = sourcecode.swift; path = LoadingTableCell.swift; sourceTree = "<group>"; };
		3BD116C61F6335B800131873 /* ProfilesCollectionVC.swift */ = {isa = PBXFileReference; lastKnownFileType = sourcecode.swift; path = ProfilesCollectionVC.swift; sourceTree = "<group>"; };
		3BD116C81F6335D000131873 /* ProfileCollectionCell.swift */ = {isa = PBXFileReference; lastKnownFileType = sourcecode.swift; path = ProfileCollectionCell.swift; sourceTree = "<group>"; };
		3BF306B31F9683BB00AE7748 /* AsyncOperation.swift */ = {isa = PBXFileReference; lastKnownFileType = sourcecode.swift; path = AsyncOperation.swift; sourceTree = "<group>"; };
		3BF306B51F9692CF00AE7748 /* UITableView+Extension.swift */ = {isa = PBXFileReference; lastKnownFileType = sourcecode.swift; path = "UITableView+Extension.swift"; sourceTree = "<group>"; };
		3BF306B71F96941A00AE7748 /* MovieDetailsDownloadOperation.swift */ = {isa = PBXFileReference; lastKnownFileType = sourcecode.swift; path = MovieDetailsDownloadOperation.swift; sourceTree = "<group>"; };
		3BF521C51F847E4B00BDB7BD /* MovieTableCell.swift */ = {isa = PBXFileReference; lastKnownFileType = sourcecode.swift; path = MovieTableCell.swift; sourceTree = "<group>"; };
		3BF521CB1F84C7A300BDB7BD /* FeaturedMoviesTableCell.swift */ = {isa = PBXFileReference; lastKnownFileType = sourcecode.swift; path = FeaturedMoviesTableCell.swift; sourceTree = "<group>"; };
		3BF521CD1F855A2400BDB7BD /* SearchTVC.swift */ = {isa = PBXFileReference; lastKnownFileType = sourcecode.swift; path = SearchTVC.swift; sourceTree = "<group>"; };
		3BF521CF1F855A3100BDB7BD /* Storyboard.swift */ = {isa = PBXFileReference; fileEncoding = 4; lastKnownFileType = sourcecode.swift; path = Storyboard.swift; sourceTree = "<group>"; };
		3BF8C7FB1F5B3BA0009AF0F9 /* ErrorResponse.swift */ = {isa = PBXFileReference; lastKnownFileType = sourcecode.swift; path = ErrorResponse.swift; sourceTree = "<group>"; };
		3BF8C7FD1F5B3CA5009AF0F9 /* URLEncoder.swift */ = {isa = PBXFileReference; lastKnownFileType = sourcecode.swift; path = URLEncoder.swift; sourceTree = "<group>"; };
		3BF8C7FE1F5B3CA5009AF0F9 /* Router.swift */ = {isa = PBXFileReference; lastKnownFileType = sourcecode.swift; path = Router.swift; sourceTree = "<group>"; };
		3BF8C8061F5B4481009AF0F9 /* ImageWidth.swift */ = {isa = PBXFileReference; lastKnownFileType = sourcecode.swift; path = ImageWidth.swift; sourceTree = "<group>"; };
		3BF93B791F5C78370075ACCE /* MovieSectionType.swift */ = {isa = PBXFileReference; lastKnownFileType = sourcecode.swift; path = MovieSectionType.swift; sourceTree = "<group>"; };
		3BF93B7B1F5CEC690075ACCE /* MovieSectionTypeTests.swift */ = {isa = PBXFileReference; lastKnownFileType = sourcecode.swift; path = MovieSectionTypeTests.swift; sourceTree = "<group>"; };
		3BF93B7D1F5CED6E0075ACCE /* MovieGenreTests.swift */ = {isa = PBXFileReference; lastKnownFileType = sourcecode.swift; path = MovieGenreTests.swift; sourceTree = "<group>"; };
		4B1EF73B1F56324832B194BA /* Pods-CMDb.release.xcconfig */ = {isa = PBXFileReference; includeInIndex = 1; lastKnownFileType = text.xcconfig; name = "Pods-CMDb.release.xcconfig"; path = "Pods/Target Support Files/Pods-CMDb/Pods-CMDb.release.xcconfig"; sourceTree = "<group>"; };
		4F6FD5D4D53668FA3DAB0CD1 /* Pods_CMDbTests.framework */ = {isa = PBXFileReference; explicitFileType = wrapper.framework; includeInIndex = 0; path = Pods_CMDbTests.framework; sourceTree = BUILT_PRODUCTS_DIR; };
		655D940839D3E9E5F2E6E44A /* Pods_CMDb.framework */ = {isa = PBXFileReference; explicitFileType = wrapper.framework; includeInIndex = 0; path = Pods_CMDb.framework; sourceTree = BUILT_PRODUCTS_DIR; };
		7C0962B79EEBCE0DF7903621 /* Pods-CMDb.debug.xcconfig */ = {isa = PBXFileReference; includeInIndex = 1; lastKnownFileType = text.xcconfig; name = "Pods-CMDb.debug.xcconfig"; path = "Pods/Target Support Files/Pods-CMDb/Pods-CMDb.debug.xcconfig"; sourceTree = "<group>"; };
		CB118F9FAEEB03B5D1EFE88C /* Pods-CMDbTests.debug.xcconfig */ = {isa = PBXFileReference; includeInIndex = 1; lastKnownFileType = text.xcconfig; name = "Pods-CMDbTests.debug.xcconfig"; path = "Pods/Target Support Files/Pods-CMDbTests/Pods-CMDbTests.debug.xcconfig"; sourceTree = "<group>"; };
		D2DF7D89C1AA3A060705FD93 /* Pods-CMDbTests.release.xcconfig */ = {isa = PBXFileReference; includeInIndex = 1; lastKnownFileType = text.xcconfig; name = "Pods-CMDbTests.release.xcconfig"; path = "Pods/Target Support Files/Pods-CMDbTests/Pods-CMDbTests.release.xcconfig"; sourceTree = "<group>"; };
/* End PBXFileReference section */

/* Begin PBXFrameworksBuildPhase section */
		3BBE81231F57CD3000042E14 /* Frameworks */ = {
			isa = PBXFrameworksBuildPhase;
			buildActionMask = 2147483647;
			files = (
				C7B8FFB84F4D73B918BEDBDD /* Pods_CMDb.framework in Frameworks */,
				3BBE81771F5889D800042E14 /* TMDb.framework in Frameworks */,
			);
			runOnlyForDeploymentPostprocessing = 0;
		};
		3BBE813A1F57CD3000042E14 /* Frameworks */ = {
			isa = PBXFrameworksBuildPhase;
			buildActionMask = 2147483647;
			files = (
				7636E3BFD94BD1FB4C6F9586 /* Pods_CMDbTests.framework in Frameworks */,
			);
			runOnlyForDeploymentPostprocessing = 0;
		};
		3BBE815E1F5889D800042E14 /* Frameworks */ = {
			isa = PBXFrameworksBuildPhase;
			buildActionMask = 2147483647;
			files = (
			);
			runOnlyForDeploymentPostprocessing = 0;
		};
		3BBE81671F5889D800042E14 /* Frameworks */ = {
			isa = PBXFrameworksBuildPhase;
			buildActionMask = 2147483647;
			files = (
				3BBE816B1F5889D800042E14 /* TMDb.framework in Frameworks */,
			);
			runOnlyForDeploymentPostprocessing = 0;
		};
/* End PBXFrameworksBuildPhase section */

/* Begin PBXGroup section */
		0E053080B1E709EE627172CF /* Pods */ = {
			isa = PBXGroup;
			children = (
				7C0962B79EEBCE0DF7903621 /* Pods-CMDb.debug.xcconfig */,
				4B1EF73B1F56324832B194BA /* Pods-CMDb.release.xcconfig */,
				CB118F9FAEEB03B5D1EFE88C /* Pods-CMDbTests.debug.xcconfig */,
				D2DF7D89C1AA3A060705FD93 /* Pods-CMDbTests.release.xcconfig */,
			);
			name = Pods;
			sourceTree = "<group>";
		};
		3B0FF0AF1F589C2700D9CEB7 /* Networking */ = {
			isa = PBXGroup;
			children = (
				3B0FF0B01F589C2700D9CEB7 /* NetworkEngine.swift */,
				3B0FF0B11F589C2700D9CEB7 /* Result.swift */,
				3BF8C7FE1F5B3CA5009AF0F9 /* Router.swift */,
				3BF8C7FD1F5B3CA5009AF0F9 /* URLEncoder.swift */,
			);
			path = Networking;
			sourceTree = "<group>";
		};
		3B0FF0B21F589C2700D9CEB7 /* ErrorHandling */ = {
			isa = PBXGroup;
			children = (
				3B0FF0B31F589C2700D9CEB7 /* Error.swift */,
			);
			path = ErrorHandling;
			sourceTree = "<group>";
		};
		3B33A3651F5C430E004DE594 /* ErrorResponse */ = {
			isa = PBXGroup;
			children = (
				3B33A3661F5C4359004DE594 /* error-response.json */,
			);
			path = ErrorResponse;
			sourceTree = "<group>";
		};
		3B44DE031F5C342B003D72E7 /* Models */ = {
			isa = PBXGroup;
			children = (
				3B44DE041F5C342B003D72E7 /* SearchTests.swift */,
				3B33A3611F5C3693004DE594 /* MovieTests.swift */,
				3B33A3681F5C438A004DE594 /* ErrorResponseTests.swift */,
				3BF93B7B1F5CEC690075ACCE /* MovieSectionTypeTests.swift */,
				3BF93B7D1F5CED6E0075ACCE /* MovieGenreTests.swift */,
			);
			path = Models;
			sourceTree = "<group>";
		};
		3B8988FD1F5E37FA000E2001 /* Helpers */ = {
			isa = PBXGroup;
			children = (
				3BF521CF1F855A3100BDB7BD /* Storyboard.swift */,
				3B9F5BE11F5F9D48008AAF65 /* SegueHandlerType.swift */,
				3B9F5BE91F5FA581008AAF65 /* SegueValidatable.swift */,
				3B6A93401F964E730024C8F2 /* UIImageView+Extension.swift */,
				3BF306B51F9692CF00AE7748 /* UITableView+Extension.swift */,
			);
			path = Helpers;
			sourceTree = "<group>";
		};
		3BA002BE1F5C0B10003BF855 /* Helpers */ = {
			isa = PBXGroup;
			children = (
				3BA002BF1F5C0B33003BF855 /* ContantsTests.swift */,
				3BA002C11F5C0B8B003BF855 /* ImageDownloadableTests.swift */,
				3BA002BC1F5C0897003BF855 /* ImageWidthTests.swift */,
			);
			path = Helpers;
			sourceTree = "<group>";
		};
		3BA002C51F5C159B003BF855 /* Core */ = {
			isa = PBXGroup;
			children = (
				3B44DE031F5C342B003D72E7 /* Models */,
				3BA002C61F5C15A8003BF855 /* ErrorHandling */,
			);
			path = Core;
			sourceTree = "<group>";
		};
		3BA002C61F5C15A8003BF855 /* ErrorHandling */ = {
			isa = PBXGroup;
			children = (
				3BA002C31F5C1596003BF855 /* ErrorTests.swift */,
			);
			path = ErrorHandling;
			sourceTree = "<group>";
		};
		3BA002CA1F5C19BE003BF855 /* Stubs */ = {
			isa = PBXGroup;
			children = (
				3B33A3651F5C430E004DE594 /* ErrorResponse */,
				3BA002CB1F5C19EE003BF855 /* Search */,
				3BA002CC1F5C19F8003BF855 /* Movie */,
			);
			path = Stubs;
			sourceTree = "<group>";
		};
		3BA002CB1F5C19EE003BF855 /* Search */ = {
			isa = PBXGroup;
			children = (
				3BA002D21F5C1A7F003BF855 /* search-one-movie.json */,
				3BA002D11F5C1A7F003BF855 /* search-two-movies.json */,
			);
			path = Search;
			sourceTree = "<group>";
		};
		3BA002CC1F5C19F8003BF855 /* Movie */ = {
			isa = PBXGroup;
			children = (
				3BA002D01F5C1A0A003BF855 /* movie.json */,
				3BB2AABC1F626CF3004FECA9 /* movie-details.json */,
				3BA002CE1F5C1A0A003BF855 /* movie-null-poster.json */,
				3BA002CF1F5C1A0A003BF855 /* movie-null-backdrop.json */,
				3BA002CD1F5C1A0A003BF855 /* movie-null-poster-and-backdrop.json */,
			);
			path = Movie;
			sourceTree = "<group>";
		};
		3BB2AAAB1F624CD1004FECA9 /* Details */ = {
			isa = PBXGroup;
			children = (
				3BB2AAB41F625084004FECA9 /* DetailType.swift */,
				3BB2AAB21F624FF7004FECA9 /* Credits.swift */,
				3BB2AAAC1F624D00004FECA9 /* Cast.swift */,
				3BB2AAB01F624F89004FECA9 /* Crew.swift */,
				3BB2AAAE1F624E38004FECA9 /* Gender.swift */,
				3BB2AAB61F625F56004FECA9 /* Artwork.swift */,
				3BB2AAB81F625F67004FECA9 /* Trailer.swift */,
			);
			path = Details;
			sourceTree = "<group>";
		};
		3BBE811D1F57CD3000042E14 = {
			isa = PBXGroup;
			children = (
				3BBE81281F57CD3000042E14 /* CMDb */,
				3BBE81401F57CD3000042E14 /* CMDbTests */,
				3BBE81631F5889D800042E14 /* TMDb */,
				3BBE81701F5889D800042E14 /* TMDbTests */,
				3BBE81271F57CD3000042E14 /* Products */,
				0E053080B1E709EE627172CF /* Pods */,
				81C0EDDF7B99237F030DC643 /* Frameworks */,
			);
			sourceTree = "<group>";
		};
		3BBE81271F57CD3000042E14 /* Products */ = {
			isa = PBXGroup;
			children = (
				3BBE81261F57CD3000042E14 /* CMDb.app */,
				3BBE813D1F57CD3000042E14 /* CMDbTests.xctest */,
				3BBE81621F5889D800042E14 /* TMDb.framework */,
				3BBE816A1F5889D800042E14 /* TMDbTests.xctest */,
			);
			name = Products;
			sourceTree = "<group>";
		};
		3BBE81281F57CD3000042E14 /* CMDb */ = {
			isa = PBXGroup;
			children = (
				3BBE81291F57CD3000042E14 /* AppDelegate.swift */,
				3BBE81541F57DA9300042E14 /* Storyboards */,
				3BBE814C1F57D9BE00042E14 /* Classes */,
				3BBE81531F57DA7D00042E14 /* SupportingFiles */,
			);
			path = CMDb;
			sourceTree = "<group>";
		};
		3BBE81401F57CD3000042E14 /* CMDbTests */ = {
			isa = PBXGroup;
			children = (
				3BBE81411F57CD3000042E14 /* CMDbTests.swift */,
				3BBE81431F57CD3000042E14 /* Info.plist */,
			);
			path = CMDbTests;
			sourceTree = "<group>";
		};
		3BBE814C1F57D9BE00042E14 /* Classes */ = {
			isa = PBXGroup;
			children = (
				3BBE814D1F57D9BE00042E14 /* Controllers */,
				3BBE814E1F57D9BE00042E14 /* Models */,
				3BBE814F1F57D9BE00042E14 /* ViewModels */,
				3BBE81501F57D9BE00042E14 /* Views */,
				3B8988FD1F5E37FA000E2001 /* Helpers */,
			);
			path = Classes;
			sourceTree = "<group>";
		};
		3BBE814D1F57D9BE00042E14 /* Controllers */ = {
			isa = PBXGroup;
			children = (
				3BBE81551F5863BA00042E14 /* HomeTVC.swift */,
				3B82443F1F638C9400949C4B /* MovieDetailsTVC.swift */,
				3BD116C61F6335B800131873 /* ProfilesCollectionVC.swift */,
				3BF521CD1F855A2400BDB7BD /* SearchTVC.swift */,
			);
			path = Controllers;
			sourceTree = "<group>";
		};
		3BBE814E1F57D9BE00042E14 /* Models */ = {
			isa = PBXGroup;
			children = (
				3BF306B31F9683BB00AE7748 /* AsyncOperation.swift */,
				3B6A93461F9668800024C8F2 /* MovieSectionDownloadOperation.swift */,
				3BF306B71F96941A00AE7748 /* MovieDetailsDownloadOperation.swift */,
				3BBE81511F57DA0000042E14 /* CoreData */,
			);
			path = Models;
			sourceTree = "<group>";
		};
		3BBE814F1F57D9BE00042E14 /* ViewModels */ = {
			isa = PBXGroup;
			children = (
				3B6A93421F964F8A0024C8F2 /* HomeViewModel.swift */,
			);
			path = ViewModels;
			sourceTree = "<group>";
		};
		3BBE81501F57D9BE00042E14 /* Views */ = {
			isa = PBXGroup;
			children = (
				3BF521CB1F84C7A300BDB7BD /* FeaturedMoviesTableCell.swift */,
				3BBE81571F58640000042E14 /* MovieSectionTableCell.swift */,
				3BD116C81F6335D000131873 /* ProfileCollectionCell.swift */,
				3BF521C51F847E4B00BDB7BD /* MovieTableCell.swift */,
				3BC4D7B81F8BE6C300222E16 /* LoadingTableCell.swift */,
			);
			path = Views;
			sourceTree = "<group>";
		};
		3BBE81511F57DA0000042E14 /* CoreData */ = {
			isa = PBXGroup;
			children = (
				3BBE81301F57CD3000042E14 /* CMDb.xcdatamodeld */,
			);
			path = CoreData;
			sourceTree = "<group>";
		};
		3BBE81531F57DA7D00042E14 /* SupportingFiles */ = {
			isa = PBXGroup;
			children = (
				3BBE81331F57CD3000042E14 /* Assets.xcassets */,
				3BBE81381F57CD3000042E14 /* Info.plist */,
			);
			name = SupportingFiles;
			sourceTree = "<group>";
		};
		3BBE81541F57DA9300042E14 /* Storyboards */ = {
			isa = PBXGroup;
			children = (
				3BBE812D1F57CD3000042E14 /* Main.storyboard */,
				3B82443C1F6385FD00949C4B /* MovieDetails.storyboard */,
				3B7F9CE81F736BDD00DE2906 /* Search.storyboard */,
				3BBE81351F57CD3000042E14 /* LaunchScreen.storyboard */,
			);
			name = Storyboards;
			sourceTree = "<group>";
		};
		3BBE81631F5889D800042E14 /* TMDb */ = {
			isa = PBXGroup;
			children = (
				3BBE81801F588B5900042E14 /* Code */,
				3BBE81641F5889D800042E14 /* TMDb.h */,
				3BBE81651F5889D800042E14 /* Info.plist */,
			);
			path = TMDb;
			sourceTree = "<group>";
		};
		3BBE81701F5889D800042E14 /* TMDbTests */ = {
			isa = PBXGroup;
			children = (
				3BA002CA1F5C19BE003BF855 /* Stubs */,
				3BBE81711F5889D800042E14 /* TMDbTests.swift */,
				3B44DDFB1F5C3362003D72E7 /* StubRequestable.swift */,
				3BBE81731F5889D800042E14 /* Info.plist */,
				3BA002C51F5C159B003BF855 /* Core */,
				3BA002BE1F5C0B10003BF855 /* Helpers */,
			);
			path = TMDbTests;
			sourceTree = "<group>";
		};
		3BBE81801F588B5900042E14 /* Code */ = {
			isa = PBXGroup;
			children = (
				3BBE81821F588B8F00042E14 /* Core */,
				3BBE81811F588B6A00042E14 /* Helpers */,
			);
			path = Code;
			sourceTree = "<group>";
		};
		3BBE81811F588B6A00042E14 /* Helpers */ = {
			isa = PBXGroup;
			children = (
				3BBE81831F588B9800042E14 /* C.swift */,
				3B26A45F1F5B4E63009D8089 /* ImageDownloadable.swift */,
				3BB2AAC01F627BF2004FECA9 /* ProfileDownloadable.swift */,
				3BF8C8061F5B4481009AF0F9 /* ImageWidth.swift */,
			);
			path = Helpers;
			sourceTree = "<group>";
		};
		3BBE81821F588B8F00042E14 /* Core */ = {
			isa = PBXGroup;
			children = (
				3BBE818B1F588D8500042E14 /* Models */,
				3B0FF0AF1F589C2700D9CEB7 /* Networking */,
				3B0FF0B21F589C2700D9CEB7 /* ErrorHandling */,
			);
			path = Core;
			sourceTree = "<group>";
		};
		3BBE818B1F588D8500042E14 /* Models */ = {
			isa = PBXGroup;
			children = (
				3BB2AAAB1F624CD1004FECA9 /* Details */,
				3B0FF0AD1F589A9D00D9CEB7 /* Search.swift */,
				3BBE818C1F588DA400042E14 /* Movie.swift */,
				3B28A52B1F58AD17001AB217 /* MovieGenre.swift */,
				3BB2AABE1F626DC5004FECA9 /* GenreObject.swift */,
				3BF93B791F5C78370075ACCE /* MovieSectionType.swift */,
				3BF8C7FB1F5B3BA0009AF0F9 /* ErrorResponse.swift */,
			);
			path = Models;
			sourceTree = "<group>";
		};
		81C0EDDF7B99237F030DC643 /* Frameworks */ = {
			isa = PBXGroup;
			children = (
				655D940839D3E9E5F2E6E44A /* Pods_CMDb.framework */,
				4F6FD5D4D53668FA3DAB0CD1 /* Pods_CMDbTests.framework */,
			);
			name = Frameworks;
			sourceTree = "<group>";
		};
/* End PBXGroup section */

/* Begin PBXHeadersBuildPhase section */
		3BBE815F1F5889D800042E14 /* Headers */ = {
			isa = PBXHeadersBuildPhase;
			buildActionMask = 2147483647;
			files = (
				3BBE81741F5889D800042E14 /* TMDb.h in Headers */,
			);
			runOnlyForDeploymentPostprocessing = 0;
		};
/* End PBXHeadersBuildPhase section */

/* Begin PBXNativeTarget section */
		3BBE81251F57CD3000042E14 /* CMDb */ = {
			isa = PBXNativeTarget;
			buildConfigurationList = 3BBE81461F57CD3000042E14 /* Build configuration list for PBXNativeTarget "CMDb" */;
			buildPhases = (
				C875B1625997CD068CEF47A8 /* [CP] Check Pods Manifest.lock */,
				3BBE81221F57CD3000042E14 /* Sources */,
				3BBE81231F57CD3000042E14 /* Frameworks */,
				3BBE81241F57CD3000042E14 /* Resources */,
				2881203A8A923C2174309969 /* [CP] Embed Pods Frameworks */,
				3C28D3CC251568A9995A7002 /* [CP] Copy Pods Resources */,
				3BBE817E1F5889D800042E14 /* Embed Frameworks */,
			);
			buildRules = (
			);
			dependencies = (
				3BBE81761F5889D800042E14 /* PBXTargetDependency */,
			);
			name = CMDb;
			productName = CMDb;
			productReference = 3BBE81261F57CD3000042E14 /* CMDb.app */;
			productType = "com.apple.product-type.application";
		};
		3BBE813C1F57CD3000042E14 /* CMDbTests */ = {
			isa = PBXNativeTarget;
			buildConfigurationList = 3BBE81491F57CD3000042E14 /* Build configuration list for PBXNativeTarget "CMDbTests" */;
			buildPhases = (
				6DDBC382D8F42EE76FBBAD0C /* [CP] Check Pods Manifest.lock */,
				3BBE81391F57CD3000042E14 /* Sources */,
				3BBE813A1F57CD3000042E14 /* Frameworks */,
				3BBE813B1F57CD3000042E14 /* Resources */,
				4AA3D41A5938632DFABAAEED /* [CP] Embed Pods Frameworks */,
				337B05D9EEC3E6B2AE317D69 /* [CP] Copy Pods Resources */,
			);
			buildRules = (
			);
			dependencies = (
				3BBE813F1F57CD3000042E14 /* PBXTargetDependency */,
			);
			name = CMDbTests;
			productName = CMDbTests;
			productReference = 3BBE813D1F57CD3000042E14 /* CMDbTests.xctest */;
			productType = "com.apple.product-type.bundle.unit-test";
		};
		3BBE81611F5889D800042E14 /* TMDb */ = {
			isa = PBXNativeTarget;
			buildConfigurationList = 3BBE817D1F5889D800042E14 /* Build configuration list for PBXNativeTarget "TMDb" */;
			buildPhases = (
				3BBE815D1F5889D800042E14 /* Sources */,
				3BBE815E1F5889D800042E14 /* Frameworks */,
				3BBE815F1F5889D800042E14 /* Headers */,
				3BBE81601F5889D800042E14 /* Resources */,
			);
			buildRules = (
			);
			dependencies = (
			);
			name = TMDb;
			productName = TMDb;
			productReference = 3BBE81621F5889D800042E14 /* TMDb.framework */;
			productType = "com.apple.product-type.framework";
		};
		3BBE81691F5889D800042E14 /* TMDbTests */ = {
			isa = PBXNativeTarget;
			buildConfigurationList = 3BBE817F1F5889D800042E14 /* Build configuration list for PBXNativeTarget "TMDbTests" */;
			buildPhases = (
				3BBE81661F5889D800042E14 /* Sources */,
				3BBE81671F5889D800042E14 /* Frameworks */,
				3BBE81681F5889D800042E14 /* Resources */,
			);
			buildRules = (
			);
			dependencies = (
				3BBE816D1F5889D800042E14 /* PBXTargetDependency */,
				3BBE816F1F5889D800042E14 /* PBXTargetDependency */,
			);
			name = TMDbTests;
			productName = TMDbTests;
			productReference = 3BBE816A1F5889D800042E14 /* TMDbTests.xctest */;
			productType = "com.apple.product-type.bundle.unit-test";
		};
/* End PBXNativeTarget section */

/* Begin PBXProject section */
		3BBE811E1F57CD3000042E14 /* Project object */ = {
			isa = PBXProject;
			attributes = {
				LastSwiftUpdateCheck = 0900;
				LastUpgradeCheck = 0900;
				ORGANIZATIONNAME = Qalandarov;
				TargetAttributes = {
					3BBE81251F57CD3000042E14 = {
						CreatedOnToolsVersion = 9.0;
					};
					3BBE813C1F57CD3000042E14 = {
						CreatedOnToolsVersion = 9.0;
						TestTargetID = 3BBE81251F57CD3000042E14;
					};
					3BBE81611F5889D800042E14 = {
						CreatedOnToolsVersion = 9.0;
						LastSwiftMigration = 0900;
					};
					3BBE81691F5889D800042E14 = {
						CreatedOnToolsVersion = 9.0;
						TestTargetID = 3BBE81251F57CD3000042E14;
					};
				};
			};
			buildConfigurationList = 3BBE81211F57CD3000042E14 /* Build configuration list for PBXProject "CMDb" */;
			compatibilityVersion = "Xcode 8.0";
			developmentRegion = en;
			hasScannedForEncodings = 0;
			knownRegions = (
				en,
				Base,
			);
			mainGroup = 3BBE811D1F57CD3000042E14;
			productRefGroup = 3BBE81271F57CD3000042E14 /* Products */;
			projectDirPath = "";
			projectRoot = "";
			targets = (
				3BBE81251F57CD3000042E14 /* CMDb */,
				3BBE813C1F57CD3000042E14 /* CMDbTests */,
				3BBE81611F5889D800042E14 /* TMDb */,
				3BBE81691F5889D800042E14 /* TMDbTests */,
			);
		};
/* End PBXProject section */

/* Begin PBXResourcesBuildPhase section */
		3BBE81241F57CD3000042E14 /* Resources */ = {
			isa = PBXResourcesBuildPhase;
			buildActionMask = 2147483647;
			files = (
				3B82443E1F6385FD00949C4B /* MovieDetails.storyboard in Resources */,
				3BBE81371F57CD3000042E14 /* LaunchScreen.storyboard in Resources */,
				3BBE81341F57CD3000042E14 /* Assets.xcassets in Resources */,
				3BBE812F1F57CD3000042E14 /* Main.storyboard in Resources */,
				3B7F9CEA1F736BDD00DE2906 /* Search.storyboard in Resources */,
			);
			runOnlyForDeploymentPostprocessing = 0;
		};
		3BBE813B1F57CD3000042E14 /* Resources */ = {
			isa = PBXResourcesBuildPhase;
			buildActionMask = 2147483647;
			files = (
			);
			runOnlyForDeploymentPostprocessing = 0;
		};
		3BBE81601F5889D800042E14 /* Resources */ = {
			isa = PBXResourcesBuildPhase;
			buildActionMask = 2147483647;
			files = (
			);
			runOnlyForDeploymentPostprocessing = 0;
		};
		3BBE81681F5889D800042E14 /* Resources */ = {
			isa = PBXResourcesBuildPhase;
			buildActionMask = 2147483647;
			files = (
				3B44DDFA1F5C3304003D72E7 /* movie-null-poster-and-backdrop.json in Resources */,
				3B44DDF81F5C3304003D72E7 /* movie-null-poster.json in Resources */,
				3B33A3671F5C435D004DE594 /* error-response.json in Resources */,
				3B44DDF71F5C3304003D72E7 /* movie.json in Resources */,
				3B44DDF91F5C3304003D72E7 /* movie-null-backdrop.json in Resources */,
				3BB2AABD1F626CF8004FECA9 /* movie-details.json in Resources */,
				3B44DDF51F5C3301003D72E7 /* search-one-movie.json in Resources */,
				3B44DDF61F5C3301003D72E7 /* search-two-movies.json in Resources */,
			);
			runOnlyForDeploymentPostprocessing = 0;
		};
/* End PBXResourcesBuildPhase section */

/* Begin PBXShellScriptBuildPhase section */
		2881203A8A923C2174309969 /* [CP] Embed Pods Frameworks */ = {
			isa = PBXShellScriptBuildPhase;
			buildActionMask = 2147483647;
			files = (
			);
			inputPaths = (
			);
			name = "[CP] Embed Pods Frameworks";
			outputPaths = (
			);
			runOnlyForDeploymentPostprocessing = 0;
			shellPath = /bin/sh;
			shellScript = "\"${SRCROOT}/Pods/Target Support Files/Pods-CMDb/Pods-CMDb-frameworks.sh\"\n";
			showEnvVarsInLog = 0;
		};
		337B05D9EEC3E6B2AE317D69 /* [CP] Copy Pods Resources */ = {
			isa = PBXShellScriptBuildPhase;
			buildActionMask = 2147483647;
			files = (
			);
			inputPaths = (
			);
			name = "[CP] Copy Pods Resources";
			outputPaths = (
			);
			runOnlyForDeploymentPostprocessing = 0;
			shellPath = /bin/sh;
			shellScript = "\"${SRCROOT}/Pods/Target Support Files/Pods-CMDbTests/Pods-CMDbTests-resources.sh\"\n";
			showEnvVarsInLog = 0;
		};
		3C28D3CC251568A9995A7002 /* [CP] Copy Pods Resources */ = {
			isa = PBXShellScriptBuildPhase;
			buildActionMask = 2147483647;
			files = (
			);
			inputPaths = (
			);
			name = "[CP] Copy Pods Resources";
			outputPaths = (
			);
			runOnlyForDeploymentPostprocessing = 0;
			shellPath = /bin/sh;
			shellScript = "\"${SRCROOT}/Pods/Target Support Files/Pods-CMDb/Pods-CMDb-resources.sh\"\n";
			showEnvVarsInLog = 0;
		};
		4AA3D41A5938632DFABAAEED /* [CP] Embed Pods Frameworks */ = {
			isa = PBXShellScriptBuildPhase;
			buildActionMask = 2147483647;
			files = (
			);
			inputPaths = (
			);
			name = "[CP] Embed Pods Frameworks";
			outputPaths = (
			);
			runOnlyForDeploymentPostprocessing = 0;
			shellPath = /bin/sh;
			shellScript = "\"${SRCROOT}/Pods/Target Support Files/Pods-CMDbTests/Pods-CMDbTests-frameworks.sh\"\n";
			showEnvVarsInLog = 0;
		};
		6DDBC382D8F42EE76FBBAD0C /* [CP] Check Pods Manifest.lock */ = {
			isa = PBXShellScriptBuildPhase;
			buildActionMask = 2147483647;
			files = (
			);
			inputPaths = (
			);
			name = "[CP] Check Pods Manifest.lock";
			outputPaths = (
			);
			runOnlyForDeploymentPostprocessing = 0;
			shellPath = /bin/sh;
			shellScript = "diff \"${PODS_ROOT}/../Podfile.lock\" \"${PODS_ROOT}/Manifest.lock\" > /dev/null\nif [ $? != 0 ] ; then\n    # print error to STDERR\n    echo \"error: The sandbox is not in sync with the Podfile.lock. Run 'pod install' or update your CocoaPods installation.\" >&2\n    exit 1\nfi\n";
			showEnvVarsInLog = 0;
		};
		C875B1625997CD068CEF47A8 /* [CP] Check Pods Manifest.lock */ = {
			isa = PBXShellScriptBuildPhase;
			buildActionMask = 2147483647;
			files = (
			);
			inputPaths = (
			);
			name = "[CP] Check Pods Manifest.lock";
			outputPaths = (
			);
			runOnlyForDeploymentPostprocessing = 0;
			shellPath = /bin/sh;
			shellScript = "diff \"${PODS_ROOT}/../Podfile.lock\" \"${PODS_ROOT}/Manifest.lock\" > /dev/null\nif [ $? != 0 ] ; then\n    # print error to STDERR\n    echo \"error: The sandbox is not in sync with the Podfile.lock. Run 'pod install' or update your CocoaPods installation.\" >&2\n    exit 1\nfi\n";
			showEnvVarsInLog = 0;
		};
/* End PBXShellScriptBuildPhase section */

/* Begin PBXSourcesBuildPhase section */
		3BBE81221F57CD3000042E14 /* Sources */ = {
			isa = PBXSourcesBuildPhase;
			buildActionMask = 2147483647;
			files = (
				3B6A93411F964E730024C8F2 /* UIImageView+Extension.swift in Sources */,
				3B9F5BEA1F5FA581008AAF65 /* SegueValidatable.swift in Sources */,
				3BF306B61F9692CF00AE7748 /* UITableView+Extension.swift in Sources */,
				3BF521CE1F855A2400BDB7BD /* SearchTVC.swift in Sources */,
				3B6A93431F964F8A0024C8F2 /* HomeViewModel.swift in Sources */,
				3B8244401F638C9400949C4B /* MovieDetailsTVC.swift in Sources */,
				3BBE81321F57CD3000042E14 /* CMDb.xcdatamodeld in Sources */,
				3BF521D01F855A3100BDB7BD /* Storyboard.swift in Sources */,
				3BF521CC1F84C7A300BDB7BD /* FeaturedMoviesTableCell.swift in Sources */,
				3BBE81561F5863BA00042E14 /* HomeTVC.swift in Sources */,
				3B9F5BE21F5F9D48008AAF65 /* SegueHandlerType.swift in Sources */,
				3BF521C61F847E4B00BDB7BD /* MovieTableCell.swift in Sources */,
				3BBE812A1F57CD3000042E14 /* AppDelegate.swift in Sources */,
				3BF306B81F96941A00AE7748 /* MovieDetailsDownloadOperation.swift in Sources */,
				3BC4D7B91F8BE6C300222E16 /* LoadingTableCell.swift in Sources */,
				3BD116C71F6335B800131873 /* ProfilesCollectionVC.swift in Sources */,
				3B6A93471F9668800024C8F2 /* MovieSectionDownloadOperation.swift in Sources */,
				3BBE81581F58640000042E14 /* MovieSectionTableCell.swift in Sources */,
				3BF306B41F9683BB00AE7748 /* AsyncOperation.swift in Sources */,
				3BD116C91F6335D000131873 /* ProfileCollectionCell.swift in Sources */,
			);
			runOnlyForDeploymentPostprocessing = 0;
		};
		3BBE81391F57CD3000042E14 /* Sources */ = {
			isa = PBXSourcesBuildPhase;
			buildActionMask = 2147483647;
			files = (
				3BBE81421F57CD3000042E14 /* CMDbTests.swift in Sources */,
			);
			runOnlyForDeploymentPostprocessing = 0;
		};
		3BBE815D1F5889D800042E14 /* Sources */ = {
			isa = PBXSourcesBuildPhase;
			buildActionMask = 2147483647;
			files = (
				3BBE81841F588B9800042E14 /* C.swift in Sources */,
				3B0FF0B51F589C2700D9CEB7 /* Result.swift in Sources */,
				3BF8C8001F5B3CA5009AF0F9 /* Router.swift in Sources */,
				3B0FF0AE1F589A9D00D9CEB7 /* Search.swift in Sources */,
				3BB2AAB51F625084004FECA9 /* DetailType.swift in Sources */,
				3BF8C8071F5B4481009AF0F9 /* ImageWidth.swift in Sources */,
				3BF8C7FF1F5B3CA5009AF0F9 /* URLEncoder.swift in Sources */,
				3BB2AAB11F624F89004FECA9 /* Crew.swift in Sources */,
				3BB2AAAF1F624E38004FECA9 /* Gender.swift in Sources */,
				3B0FF0B41F589C2700D9CEB7 /* NetworkEngine.swift in Sources */,
				3BB2AAB31F624FF7004FECA9 /* Credits.swift in Sources */,
				3BB2AAB91F625F67004FECA9 /* Trailer.swift in Sources */,
				3BB2AAB71F625F56004FECA9 /* Artwork.swift in Sources */,
				3B0FF0B61F589C2700D9CEB7 /* Error.swift in Sources */,
				3B26A4601F5B4E63009D8089 /* ImageDownloadable.swift in Sources */,
				3BBE818D1F588DA400042E14 /* Movie.swift in Sources */,
				3BB2AABF1F626DC5004FECA9 /* GenreObject.swift in Sources */,
				3BB2AAC11F627BF2004FECA9 /* ProfileDownloadable.swift in Sources */,
				3B28A52C1F58AD17001AB217 /* MovieGenre.swift in Sources */,
				3BF93B7A1F5C78370075ACCE /* MovieSectionType.swift in Sources */,
				3BB2AAAD1F624D00004FECA9 /* Cast.swift in Sources */,
				3BF8C7FC1F5B3BA0009AF0F9 /* ErrorResponse.swift in Sources */,
			);
			runOnlyForDeploymentPostprocessing = 0;
		};
		3BBE81661F5889D800042E14 /* Sources */ = {
			isa = PBXSourcesBuildPhase;
			buildActionMask = 2147483647;
			files = (
				3BA002BD1F5C0897003BF855 /* ImageWidthTests.swift in Sources */,
				3BA002C21F5C0B8B003BF855 /* ImageDownloadableTests.swift in Sources */,
				3BF93B7C1F5CEC690075ACCE /* MovieSectionTypeTests.swift in Sources */,
				3BA002C01F5C0B34003BF855 /* ContantsTests.swift in Sources */,
				3B44DE051F5C342E003D72E7 /* SearchTests.swift in Sources */,
				3BA002C41F5C1596003BF855 /* ErrorTests.swift in Sources */,
				3BBE81721F5889D800042E14 /* TMDbTests.swift in Sources */,
				3B33A3621F5C3693004DE594 /* MovieTests.swift in Sources */,
				3B44DDFC1F5C3363003D72E7 /* StubRequestable.swift in Sources */,
				3BF93B7E1F5CED6E0075ACCE /* MovieGenreTests.swift in Sources */,
				3B33A3691F5C438A004DE594 /* ErrorResponseTests.swift in Sources */,
			);
			runOnlyForDeploymentPostprocessing = 0;
		};
/* End PBXSourcesBuildPhase section */

/* Begin PBXTargetDependency section */
		3BBE813F1F57CD3000042E14 /* PBXTargetDependency */ = {
			isa = PBXTargetDependency;
			target = 3BBE81251F57CD3000042E14 /* CMDb */;
			targetProxy = 3BBE813E1F57CD3000042E14 /* PBXContainerItemProxy */;
		};
		3BBE816D1F5889D800042E14 /* PBXTargetDependency */ = {
			isa = PBXTargetDependency;
			target = 3BBE81611F5889D800042E14 /* TMDb */;
			targetProxy = 3BBE816C1F5889D800042E14 /* PBXContainerItemProxy */;
		};
		3BBE816F1F5889D800042E14 /* PBXTargetDependency */ = {
			isa = PBXTargetDependency;
			target = 3BBE81251F57CD3000042E14 /* CMDb */;
			targetProxy = 3BBE816E1F5889D800042E14 /* PBXContainerItemProxy */;
		};
		3BBE81761F5889D800042E14 /* PBXTargetDependency */ = {
			isa = PBXTargetDependency;
			target = 3BBE81611F5889D800042E14 /* TMDb */;
			targetProxy = 3BBE81751F5889D800042E14 /* PBXContainerItemProxy */;
		};
/* End PBXTargetDependency section */

/* Begin PBXVariantGroup section */
		3B7F9CE81F736BDD00DE2906 /* Search.storyboard */ = {
			isa = PBXVariantGroup;
			children = (
				3B7F9CE91F736BDD00DE2906 /* Base */,
			);
			name = Search.storyboard;
			sourceTree = "<group>";
		};
		3B82443C1F6385FD00949C4B /* MovieDetails.storyboard */ = {
			isa = PBXVariantGroup;
			children = (
				3B82443D1F6385FD00949C4B /* Base */,
			);
			name = MovieDetails.storyboard;
			sourceTree = "<group>";
		};
		3BBE812D1F57CD3000042E14 /* Main.storyboard */ = {
			isa = PBXVariantGroup;
			children = (
				3BBE812E1F57CD3000042E14 /* Base */,
			);
			name = Main.storyboard;
			sourceTree = "<group>";
		};
		3BBE81351F57CD3000042E14 /* LaunchScreen.storyboard */ = {
			isa = PBXVariantGroup;
			children = (
				3BBE81361F57CD3000042E14 /* Base */,
			);
			name = LaunchScreen.storyboard;
			sourceTree = "<group>";
		};
/* End PBXVariantGroup section */

/* Begin XCBuildConfiguration section */
		3BBE81441F57CD3000042E14 /* Debug */ = {
			isa = XCBuildConfiguration;
			buildSettings = {
				ALWAYS_SEARCH_USER_PATHS = NO;
				CLANG_ANALYZER_NONNULL = YES;
				CLANG_ANALYZER_NUMBER_OBJECT_CONVERSION = YES_AGGRESSIVE;
				CLANG_CXX_LANGUAGE_STANDARD = "gnu++14";
				CLANG_CXX_LIBRARY = "libc++";
				CLANG_ENABLE_MODULES = YES;
				CLANG_ENABLE_OBJC_ARC = YES;
				CLANG_WARN_BLOCK_CAPTURE_AUTORELEASING = YES;
				CLANG_WARN_BOOL_CONVERSION = YES;
				CLANG_WARN_COMMA = YES;
				CLANG_WARN_CONSTANT_CONVERSION = YES;
				CLANG_WARN_DIRECT_OBJC_ISA_USAGE = YES_ERROR;
				CLANG_WARN_DOCUMENTATION_COMMENTS = YES;
				CLANG_WARN_EMPTY_BODY = YES;
				CLANG_WARN_ENUM_CONVERSION = YES;
				CLANG_WARN_INFINITE_RECURSION = YES;
				CLANG_WARN_INT_CONVERSION = YES;
				CLANG_WARN_NON_LITERAL_NULL_CONVERSION = YES;
				CLANG_WARN_OBJC_LITERAL_CONVERSION = YES;
				CLANG_WARN_OBJC_ROOT_CLASS = YES_ERROR;
				CLANG_WARN_RANGE_LOOP_ANALYSIS = YES;
				CLANG_WARN_STRICT_PROTOTYPES = YES;
				CLANG_WARN_SUSPICIOUS_MOVE = YES;
				CLANG_WARN_UNGUARDED_AVAILABILITY = YES_AGGRESSIVE;
				CLANG_WARN_UNREACHABLE_CODE = YES;
				CLANG_WARN__DUPLICATE_METHOD_MATCH = YES;
				CODE_SIGN_IDENTITY = "iPhone Developer";
				COPY_PHASE_STRIP = NO;
				DEBUG_INFORMATION_FORMAT = dwarf;
				ENABLE_STRICT_OBJC_MSGSEND = YES;
				ENABLE_TESTABILITY = YES;
				GCC_C_LANGUAGE_STANDARD = gnu11;
				GCC_DYNAMIC_NO_PIC = NO;
				GCC_NO_COMMON_BLOCKS = YES;
				GCC_OPTIMIZATION_LEVEL = 0;
				GCC_PREPROCESSOR_DEFINITIONS = (
					"DEBUG=1",
					"$(inherited)",
				);
				GCC_WARN_64_TO_32_BIT_CONVERSION = YES;
				GCC_WARN_ABOUT_RETURN_TYPE = YES_ERROR;
				GCC_WARN_UNDECLARED_SELECTOR = YES;
				GCC_WARN_UNINITIALIZED_AUTOS = YES_AGGRESSIVE;
				GCC_WARN_UNUSED_FUNCTION = YES;
				GCC_WARN_UNUSED_VARIABLE = YES;
				IPHONEOS_DEPLOYMENT_TARGET = 10.0;
				MTL_ENABLE_DEBUG_INFO = YES;
				ONLY_ACTIVE_ARCH = YES;
				SDKROOT = iphoneos;
				SWIFT_ACTIVE_COMPILATION_CONDITIONS = DEBUG;
				SWIFT_OPTIMIZATION_LEVEL = "-Onone";
			};
			name = Debug;
		};
		3BBE81451F57CD3000042E14 /* Release */ = {
			isa = XCBuildConfiguration;
			buildSettings = {
				ALWAYS_SEARCH_USER_PATHS = NO;
				CLANG_ANALYZER_NONNULL = YES;
				CLANG_ANALYZER_NUMBER_OBJECT_CONVERSION = YES_AGGRESSIVE;
				CLANG_CXX_LANGUAGE_STANDARD = "gnu++14";
				CLANG_CXX_LIBRARY = "libc++";
				CLANG_ENABLE_MODULES = YES;
				CLANG_ENABLE_OBJC_ARC = YES;
				CLANG_WARN_BLOCK_CAPTURE_AUTORELEASING = YES;
				CLANG_WARN_BOOL_CONVERSION = YES;
				CLANG_WARN_COMMA = YES;
				CLANG_WARN_CONSTANT_CONVERSION = YES;
				CLANG_WARN_DIRECT_OBJC_ISA_USAGE = YES_ERROR;
				CLANG_WARN_DOCUMENTATION_COMMENTS = YES;
				CLANG_WARN_EMPTY_BODY = YES;
				CLANG_WARN_ENUM_CONVERSION = YES;
				CLANG_WARN_INFINITE_RECURSION = YES;
				CLANG_WARN_INT_CONVERSION = YES;
				CLANG_WARN_NON_LITERAL_NULL_CONVERSION = YES;
				CLANG_WARN_OBJC_LITERAL_CONVERSION = YES;
				CLANG_WARN_OBJC_ROOT_CLASS = YES_ERROR;
				CLANG_WARN_RANGE_LOOP_ANALYSIS = YES;
				CLANG_WARN_STRICT_PROTOTYPES = YES;
				CLANG_WARN_SUSPICIOUS_MOVE = YES;
				CLANG_WARN_UNGUARDED_AVAILABILITY = YES_AGGRESSIVE;
				CLANG_WARN_UNREACHABLE_CODE = YES;
				CLANG_WARN__DUPLICATE_METHOD_MATCH = YES;
				CODE_SIGN_IDENTITY = "iPhone Developer";
				COPY_PHASE_STRIP = NO;
				DEBUG_INFORMATION_FORMAT = "dwarf-with-dsym";
				ENABLE_NS_ASSERTIONS = NO;
				ENABLE_STRICT_OBJC_MSGSEND = YES;
				GCC_C_LANGUAGE_STANDARD = gnu11;
				GCC_NO_COMMON_BLOCKS = YES;
				GCC_WARN_64_TO_32_BIT_CONVERSION = YES;
				GCC_WARN_ABOUT_RETURN_TYPE = YES_ERROR;
				GCC_WARN_UNDECLARED_SELECTOR = YES;
				GCC_WARN_UNINITIALIZED_AUTOS = YES_AGGRESSIVE;
				GCC_WARN_UNUSED_FUNCTION = YES;
				GCC_WARN_UNUSED_VARIABLE = YES;
				IPHONEOS_DEPLOYMENT_TARGET = 10.0;
				MTL_ENABLE_DEBUG_INFO = NO;
				SDKROOT = iphoneos;
				SWIFT_OPTIMIZATION_LEVEL = "-Owholemodule";
				VALIDATE_PRODUCT = YES;
			};
			name = Release;
		};
		3BBE81471F57CD3000042E14 /* Debug */ = {
			isa = XCBuildConfiguration;
			baseConfigurationReference = 7C0962B79EEBCE0DF7903621 /* Pods-CMDb.debug.xcconfig */;
			buildSettings = {
				ALWAYS_EMBED_SWIFT_STANDARD_LIBRARIES = YES;
				ASSETCATALOG_COMPILER_APPICON_NAME = AppIcon;
				DEVELOPMENT_TEAM = E26DAX43KF;
				INFOPLIST_FILE = CMDb/Info.plist;
				LD_RUNPATH_SEARCH_PATHS = "$(inherited) @executable_path/Frameworks";
				PRODUCT_BUNDLE_IDENTIFIER = com.qalandarov.CMDb;
				PRODUCT_NAME = "$(TARGET_NAME)";
				SWIFT_VERSION = 4.0;
				TARGETED_DEVICE_FAMILY = "1,2";
			};
			name = Debug;
		};
		3BBE81481F57CD3000042E14 /* Release */ = {
			isa = XCBuildConfiguration;
			baseConfigurationReference = 4B1EF73B1F56324832B194BA /* Pods-CMDb.release.xcconfig */;
			buildSettings = {
				ALWAYS_EMBED_SWIFT_STANDARD_LIBRARIES = YES;
				ASSETCATALOG_COMPILER_APPICON_NAME = AppIcon;
				DEVELOPMENT_TEAM = E26DAX43KF;
				INFOPLIST_FILE = CMDb/Info.plist;
				LD_RUNPATH_SEARCH_PATHS = "$(inherited) @executable_path/Frameworks";
				PRODUCT_BUNDLE_IDENTIFIER = com.qalandarov.CMDb;
				PRODUCT_NAME = "$(TARGET_NAME)";
				SWIFT_VERSION = 4.0;
				TARGETED_DEVICE_FAMILY = "1,2";
			};
			name = Release;
		};
		3BBE814A1F57CD3000042E14 /* Debug */ = {
			isa = XCBuildConfiguration;
			baseConfigurationReference = CB118F9FAEEB03B5D1EFE88C /* Pods-CMDbTests.debug.xcconfig */;
			buildSettings = {
				ALWAYS_EMBED_SWIFT_STANDARD_LIBRARIES = YES;
				BUNDLE_LOADER = "$(TEST_HOST)";
				INFOPLIST_FILE = CMDbTests/Info.plist;
				LD_RUNPATH_SEARCH_PATHS = "$(inherited) @executable_path/Frameworks @loader_path/Frameworks";
				PRODUCT_BUNDLE_IDENTIFIER = com.qalandarov.CMDbTests;
				PRODUCT_NAME = "$(TARGET_NAME)";
				SWIFT_VERSION = 4.0;
				TARGETED_DEVICE_FAMILY = "1,2";
				TEST_HOST = "$(BUILT_PRODUCTS_DIR)/CMDb.app/CMDb";
			};
			name = Debug;
		};
		3BBE814B1F57CD3000042E14 /* Release */ = {
			isa = XCBuildConfiguration;
			baseConfigurationReference = D2DF7D89C1AA3A060705FD93 /* Pods-CMDbTests.release.xcconfig */;
			buildSettings = {
				ALWAYS_EMBED_SWIFT_STANDARD_LIBRARIES = YES;
				BUNDLE_LOADER = "$(TEST_HOST)";
				INFOPLIST_FILE = CMDbTests/Info.plist;
				LD_RUNPATH_SEARCH_PATHS = "$(inherited) @executable_path/Frameworks @loader_path/Frameworks";
				PRODUCT_BUNDLE_IDENTIFIER = com.qalandarov.CMDbTests;
				PRODUCT_NAME = "$(TARGET_NAME)";
				SWIFT_VERSION = 4.0;
				TARGETED_DEVICE_FAMILY = "1,2";
				TEST_HOST = "$(BUILT_PRODUCTS_DIR)/CMDb.app/CMDb";
			};
			name = Release;
		};
		3BBE81791F5889D800042E14 /* Debug */ = {
			isa = XCBuildConfiguration;
			buildSettings = {
				CLANG_ENABLE_MODULES = YES;
				CODE_SIGN_IDENTITY = "";
				CURRENT_PROJECT_VERSION = 1;
				DEFINES_MODULE = YES;
				DYLIB_COMPATIBILITY_VERSION = 1;
				DYLIB_CURRENT_VERSION = 1;
				DYLIB_INSTALL_NAME_BASE = "@rpath";
				INFOPLIST_FILE = TMDb/Info.plist;
				INSTALL_PATH = "$(LOCAL_LIBRARY_DIR)/Frameworks";
				LD_RUNPATH_SEARCH_PATHS = "$(inherited) @executable_path/Frameworks @loader_path/Frameworks";
				PRODUCT_BUNDLE_IDENTIFIER = com.qalandarov.TMDb;
				PRODUCT_NAME = "$(TARGET_NAME:c99extidentifier)";
				SKIP_INSTALL = YES;
				SWIFT_OPTIMIZATION_LEVEL = "-Onone";
				SWIFT_VERSION = 4.0;
				TARGETED_DEVICE_FAMILY = "1,2";
				VERSIONING_SYSTEM = "apple-generic";
				VERSION_INFO_PREFIX = "";
			};
			name = Debug;
		};
		3BBE817A1F5889D800042E14 /* Release */ = {
			isa = XCBuildConfiguration;
			buildSettings = {
				CLANG_ENABLE_MODULES = YES;
				CODE_SIGN_IDENTITY = "";
				CURRENT_PROJECT_VERSION = 1;
				DEFINES_MODULE = YES;
				DYLIB_COMPATIBILITY_VERSION = 1;
				DYLIB_CURRENT_VERSION = 1;
				DYLIB_INSTALL_NAME_BASE = "@rpath";
				INFOPLIST_FILE = TMDb/Info.plist;
				INSTALL_PATH = "$(LOCAL_LIBRARY_DIR)/Frameworks";
				LD_RUNPATH_SEARCH_PATHS = "$(inherited) @executable_path/Frameworks @loader_path/Frameworks";
				PRODUCT_BUNDLE_IDENTIFIER = com.qalandarov.TMDb;
				PRODUCT_NAME = "$(TARGET_NAME:c99extidentifier)";
				SKIP_INSTALL = YES;
				SWIFT_VERSION = 4.0;
				TARGETED_DEVICE_FAMILY = "1,2";
				VERSIONING_SYSTEM = "apple-generic";
				VERSION_INFO_PREFIX = "";
			};
			name = Release;
		};
		3BBE817B1F5889D800042E14 /* Debug */ = {
			isa = XCBuildConfiguration;
			buildSettings = {
				ALWAYS_EMBED_SWIFT_STANDARD_LIBRARIES = YES;
				INFOPLIST_FILE = TMDbTests/Info.plist;
				LD_RUNPATH_SEARCH_PATHS = "$(inherited) @executable_path/Frameworks @loader_path/Frameworks";
				PRODUCT_BUNDLE_IDENTIFIER = com.qalandarov.TMDbTests;
				PRODUCT_NAME = "$(TARGET_NAME)";
				SWIFT_VERSION = 4.0;
				TARGETED_DEVICE_FAMILY = "1,2";
				TEST_HOST = "$(BUILT_PRODUCTS_DIR)/CMDb.app/CMDb";
			};
			name = Debug;
		};
		3BBE817C1F5889D800042E14 /* Release */ = {
			isa = XCBuildConfiguration;
			buildSettings = {
				ALWAYS_EMBED_SWIFT_STANDARD_LIBRARIES = YES;
				INFOPLIST_FILE = TMDbTests/Info.plist;
				LD_RUNPATH_SEARCH_PATHS = "$(inherited) @executable_path/Frameworks @loader_path/Frameworks";
				PRODUCT_BUNDLE_IDENTIFIER = com.qalandarov.TMDbTests;
				PRODUCT_NAME = "$(TARGET_NAME)";
				SWIFT_VERSION = 4.0;
				TARGETED_DEVICE_FAMILY = "1,2";
				TEST_HOST = "$(BUILT_PRODUCTS_DIR)/CMDb.app/CMDb";
			};
			name = Release;
		};
/* End XCBuildConfiguration section */

/* Begin XCConfigurationList section */
		3BBE81211F57CD3000042E14 /* Build configuration list for PBXProject "CMDb" */ = {
			isa = XCConfigurationList;
			buildConfigurations = (
				3BBE81441F57CD3000042E14 /* Debug */,
				3BBE81451F57CD3000042E14 /* Release */,
			);
			defaultConfigurationIsVisible = 0;
			defaultConfigurationName = Release;
		};
		3BBE81461F57CD3000042E14 /* Build configuration list for PBXNativeTarget "CMDb" */ = {
			isa = XCConfigurationList;
			buildConfigurations = (
				3BBE81471F57CD3000042E14 /* Debug */,
				3BBE81481F57CD3000042E14 /* Release */,
			);
			defaultConfigurationIsVisible = 0;
			defaultConfigurationName = Release;
		};
		3BBE81491F57CD3000042E14 /* Build configuration list for PBXNativeTarget "CMDbTests" */ = {
			isa = XCConfigurationList;
			buildConfigurations = (
				3BBE814A1F57CD3000042E14 /* Debug */,
				3BBE814B1F57CD3000042E14 /* Release */,
			);
			defaultConfigurationIsVisible = 0;
			defaultConfigurationName = Release;
		};
		3BBE817D1F5889D800042E14 /* Build configuration list for PBXNativeTarget "TMDb" */ = {
			isa = XCConfigurationList;
			buildConfigurations = (
				3BBE81791F5889D800042E14 /* Debug */,
				3BBE817A1F5889D800042E14 /* Release */,
			);
			defaultConfigurationIsVisible = 0;
			defaultConfigurationName = Release;
		};
		3BBE817F1F5889D800042E14 /* Build configuration list for PBXNativeTarget "TMDbTests" */ = {
			isa = XCConfigurationList;
			buildConfigurations = (
				3BBE817B1F5889D800042E14 /* Debug */,
				3BBE817C1F5889D800042E14 /* Release */,
			);
			defaultConfigurationIsVisible = 0;
			defaultConfigurationName = Release;
		};
/* End XCConfigurationList section */

/* Begin XCVersionGroup section */
		3BBE81301F57CD3000042E14 /* CMDb.xcdatamodeld */ = {
			isa = XCVersionGroup;
			children = (
				3BBE81311F57CD3000042E14 /* CMDb.xcdatamodel */,
			);
			currentVersion = 3BBE81311F57CD3000042E14 /* CMDb.xcdatamodel */;
			path = CMDb.xcdatamodeld;
			sourceTree = "<group>";
			versionGroupType = wrapper.xcdatamodel;
		};
/* End XCVersionGroup section */
	};
	rootObject = 3BBE811E1F57CD3000042E14 /* Project object */;
}
